// !$*UTF8*$!
{
	archiveVersion = 1;
	classes = {
	};
	objectVersion = 50;
	objects = {

/* Begin PBXBuildFile section */
		7BD4CF9F220F67CB00C71DE4 /* bn_mp_tc_xor.c in Sources */ = {isa = PBXBuildFile; fileRef = 7BD4CF14220F67C100C71DE4 /* bn_mp_tc_xor.c */; };
		7BD4CFA0220F67CB00C71DE4 /* bn_fast_s_mp_sqr.c in Sources */ = {isa = PBXBuildFile; fileRef = 7BD4CF15220F67C100C71DE4 /* bn_fast_s_mp_sqr.c */; };
		7BD4CFA1220F67CB00C71DE4 /* bn_mp_import.c in Sources */ = {isa = PBXBuildFile; fileRef = 7BD4CF16220F67C100C71DE4 /* bn_mp_import.c */; };
		7BD4CFA2220F67CB00C71DE4 /* bn_mp_rand.c in Sources */ = {isa = PBXBuildFile; fileRef = 7BD4CF17220F67C100C71DE4 /* bn_mp_rand.c */; };
		7BD4CFA3220F67CB00C71DE4 /* bn_mp_prime_frobenius_underwood.c in Sources */ = {isa = PBXBuildFile; fileRef = 7BD4CF18220F67C100C71DE4 /* bn_mp_prime_frobenius_underwood.c */; };
		7BD4CFA4220F67CB00C71DE4 /* bn_mp_toradix.c in Sources */ = {isa = PBXBuildFile; fileRef = 7BD4CF19220F67C100C71DE4 /* bn_mp_toradix.c */; };
		7BD4CFA5220F67CB00C71DE4 /* bn_mp_reduce.c in Sources */ = {isa = PBXBuildFile; fileRef = 7BD4CF1A220F67C100C71DE4 /* bn_mp_reduce.c */; };
		7BD4CFA6220F67CB00C71DE4 /* bn_mp_set_double.c in Sources */ = {isa = PBXBuildFile; fileRef = 7BD4CF1B220F67C100C71DE4 /* bn_mp_set_double.c */; };
		7BD4CFA7220F67CB00C71DE4 /* bn_mp_reduce_is_2k.c in Sources */ = {isa = PBXBuildFile; fileRef = 7BD4CF1C220F67C200C71DE4 /* bn_mp_reduce_is_2k.c */; };
		7BD4CFA8220F67CB00C71DE4 /* bn_mp_add_d.c in Sources */ = {isa = PBXBuildFile; fileRef = 7BD4CF1D220F67C200C71DE4 /* bn_mp_add_d.c */; };
		7BD4CFA9220F67CB00C71DE4 /* bn_mp_radix_smap.c in Sources */ = {isa = PBXBuildFile; fileRef = 7BD4CF1E220F67C200C71DE4 /* bn_mp_radix_smap.c */; };
		7BD4CFAA220F67CB00C71DE4 /* bn_mp_cmp_d.c in Sources */ = {isa = PBXBuildFile; fileRef = 7BD4CF1F220F67C200C71DE4 /* bn_mp_cmp_d.c */; };
		7BD4CFAB220F67CB00C71DE4 /* bn_mp_dr_is_modulus.c in Sources */ = {isa = PBXBuildFile; fileRef = 7BD4CF20220F67C200C71DE4 /* bn_mp_dr_is_modulus.c */; };
		7BD4CFAC220F67CB00C71DE4 /* bn_mp_mod.c in Sources */ = {isa = PBXBuildFile; fileRef = 7BD4CF21220F67C200C71DE4 /* bn_mp_mod.c */; };
		7BD4CFAD220F67CB00C71DE4 /* bn_mp_div_2.c in Sources */ = {isa = PBXBuildFile; fileRef = 7BD4CF22220F67C200C71DE4 /* bn_mp_div_2.c */; };
		7BD4CFAE220F67CB00C71DE4 /* bn_mp_cmp_mag.c in Sources */ = {isa = PBXBuildFile; fileRef = 7BD4CF23220F67C200C71DE4 /* bn_mp_cmp_mag.c */; };
		7BD4CFAF220F67CB00C71DE4 /* bn_mp_div_3.c in Sources */ = {isa = PBXBuildFile; fileRef = 7BD4CF24220F67C200C71DE4 /* bn_mp_div_3.c */; };
		7BD4CFB0220F67CB00C71DE4 /* bn_mp_sqrt.c in Sources */ = {isa = PBXBuildFile; fileRef = 7BD4CF25220F67C200C71DE4 /* bn_mp_sqrt.c */; };
		7BD4CFB1220F67CB00C71DE4 /* bn_mp_prime_miller_rabin.c in Sources */ = {isa = PBXBuildFile; fileRef = 7BD4CF26220F67C200C71DE4 /* bn_mp_prime_miller_rabin.c */; };
		7BD4CFB2220F67CB00C71DE4 /* bn_mp_reduce_2k_setup.c in Sources */ = {isa = PBXBuildFile; fileRef = 7BD4CF27220F67C300C71DE4 /* bn_mp_reduce_2k_setup.c */; };
		7BD4CFB3220F67CB00C71DE4 /* bn_mp_signed_bin_size.c in Sources */ = {isa = PBXBuildFile; fileRef = 7BD4CF28220F67C300C71DE4 /* bn_mp_signed_bin_size.c */; };
		7BD4CFB4220F67CB00C71DE4 /* bn_mp_2expt.c in Sources */ = {isa = PBXBuildFile; fileRef = 7BD4CF29220F67C300C71DE4 /* bn_mp_2expt.c */; };
		7BD4CFB5220F67CB00C71DE4 /* bn_mp_prime_is_prime.c in Sources */ = {isa = PBXBuildFile; fileRef = 7BD4CF2A220F67C300C71DE4 /* bn_mp_prime_is_prime.c */; };
		7BD4CFB6220F67CB00C71DE4 /* bn_mp_mod_d.c in Sources */ = {isa = PBXBuildFile; fileRef = 7BD4CF2B220F67C300C71DE4 /* bn_mp_mod_d.c */; };
		7BD4CFB7220F67CB00C71DE4 /* bn_mp_radix_size.c in Sources */ = {isa = PBXBuildFile; fileRef = 7BD4CF2C220F67C300C71DE4 /* bn_mp_radix_size.c */; };
		7BD4CFB8220F67CB00C71DE4 /* bn_mp_prime_rabin_miller_trials.c in Sources */ = {isa = PBXBuildFile; fileRef = 7BD4CF2D220F67C300C71DE4 /* bn_mp_prime_rabin_miller_trials.c */; };
		7BD4CFB9220F67CB00C71DE4 /* bn_mp_init.c in Sources */ = {isa = PBXBuildFile; fileRef = 7BD4CF2E220F67C300C71DE4 /* bn_mp_init.c */; };
		7BD4CFBA220F67CB00C71DE4 /* bn_mp_set_long.c in Sources */ = {isa = PBXBuildFile; fileRef = 7BD4CF2F220F67C300C71DE4 /* bn_mp_set_long.c */; };
		7BD4CFBB220F67CB00C71DE4 /* bn_mp_mulmod.c in Sources */ = {isa = PBXBuildFile; fileRef = 7BD4CF30220F67C300C71DE4 /* bn_mp_mulmod.c */; };
		7BD4CFBC220F67CB00C71DE4 /* bn_error.c in Sources */ = {isa = PBXBuildFile; fileRef = 7BD4CF31220F67C300C71DE4 /* bn_error.c */; };
		7BD4CFBD220F67CB00C71DE4 /* bn_mp_exch.c in Sources */ = {isa = PBXBuildFile; fileRef = 7BD4CF32220F67C300C71DE4 /* bn_mp_exch.c */; };
		7BD4CFBE220F67CB00C71DE4 /* bn_mp_clamp.c in Sources */ = {isa = PBXBuildFile; fileRef = 7BD4CF33220F67C300C71DE4 /* bn_mp_clamp.c */; };
		7BD4CFBF220F67CB00C71DE4 /* bn_mp_get_long_long.c in Sources */ = {isa = PBXBuildFile; fileRef = 7BD4CF34220F67C300C71DE4 /* bn_mp_get_long_long.c */; };
		7BD4CFC0220F67CB00C71DE4 /* bn_mp_cnt_lsb.c in Sources */ = {isa = PBXBuildFile; fileRef = 7BD4CF35220F67C300C71DE4 /* bn_mp_cnt_lsb.c */; };
		7BD4CFC1220F67CB00C71DE4 /* bn_mp_is_square.c in Sources */ = {isa = PBXBuildFile; fileRef = 7BD4CF36220F67C400C71DE4 /* bn_mp_is_square.c */; };
		7BD4CFC2220F67CB00C71DE4 /* bn_mp_sub.c in Sources */ = {isa = PBXBuildFile; fileRef = 7BD4CF37220F67C400C71DE4 /* bn_mp_sub.c */; };
		7BD4CFC3220F67CB00C71DE4 /* bn_mp_tc_div_2d.c in Sources */ = {isa = PBXBuildFile; fileRef = 7BD4CF38220F67C400C71DE4 /* bn_mp_tc_div_2d.c */; };
		7BD4CFC4220F67CB00C71DE4 /* bn_mp_to_unsigned_bin.c in Sources */ = {isa = PBXBuildFile; fileRef = 7BD4CF39220F67C400C71DE4 /* bn_mp_to_unsigned_bin.c */; };
		7BD4CFC5220F67CB00C71DE4 /* bn_mp_unsigned_bin_size.c in Sources */ = {isa = PBXBuildFile; fileRef = 7BD4CF3A220F67C400C71DE4 /* bn_mp_unsigned_bin_size.c */; };
		7BD4CFC6220F67CB00C71DE4 /* bn_mp_init_set.c in Sources */ = {isa = PBXBuildFile; fileRef = 7BD4CF3B220F67C400C71DE4 /* bn_mp_init_set.c */; };
		7BD4CFC7220F67CB00C71DE4 /* bn_mp_clear.c in Sources */ = {isa = PBXBuildFile; fileRef = 7BD4CF3C220F67C400C71DE4 /* bn_mp_clear.c */; };
		7BD4CFC8220F67CB00C71DE4 /* bn_fast_mp_invmod.c in Sources */ = {isa = PBXBuildFile; fileRef = 7BD4CF3D220F67C400C71DE4 /* bn_fast_mp_invmod.c */; };
		7BD4CFC9220F67CB00C71DE4 /* bn_mp_prime_strong_lucas_selfridge.c in Sources */ = {isa = PBXBuildFile; fileRef = 7BD4CF3E220F67C400C71DE4 /* bn_mp_prime_strong_lucas_selfridge.c */; };
		7BD4CFCA220F67CB00C71DE4 /* bn_mp_rshd.c in Sources */ = {isa = PBXBuildFile; fileRef = 7BD4CF3F220F67C400C71DE4 /* bn_mp_rshd.c */; };
		7BD4CFCB220F67CB00C71DE4 /* bn_fast_s_mp_mul_high_digs.c in Sources */ = {isa = PBXBuildFile; fileRef = 7BD4CF40220F67C400C71DE4 /* bn_fast_s_mp_mul_high_digs.c */; };
		7BD4CFCC220F67CB00C71DE4 /* bn_reverse.c in Sources */ = {isa = PBXBuildFile; fileRef = 7BD4CF41220F67C400C71DE4 /* bn_reverse.c */; };
		7BD4CFCD220F67CB00C71DE4 /* bn_mp_prime_random_ex.c in Sources */ = {isa = PBXBuildFile; fileRef = 7BD4CF42220F67C400C71DE4 /* bn_mp_prime_random_ex.c */; };
		7BD4CFCE220F67CB00C71DE4 /* bn_mp_mul.c in Sources */ = {isa = PBXBuildFile; fileRef = 7BD4CF43220F67C400C71DE4 /* bn_mp_mul.c */; };
		7BD4CFCF220F67CB00C71DE4 /* bn_mp_prime_next_prime.c in Sources */ = {isa = PBXBuildFile; fileRef = 7BD4CF44220F67C400C71DE4 /* bn_mp_prime_next_prime.c */; };
		7BD4CFD0220F67CB00C71DE4 /* bn_mp_sub_d.c in Sources */ = {isa = PBXBuildFile; fileRef = 7BD4CF45220F67C500C71DE4 /* bn_mp_sub_d.c */; };
		7BD4CFD1220F67CB00C71DE4 /* bn_mp_tc_or.c in Sources */ = {isa = PBXBuildFile; fileRef = 7BD4CF46220F67C500C71DE4 /* bn_mp_tc_or.c */; };
		7BD4CFD2220F67CB00C71DE4 /* bn_mp_shrink.c in Sources */ = {isa = PBXBuildFile; fileRef = 7BD4CF47220F67C500C71DE4 /* bn_mp_shrink.c */; };
		7BD4CFD3220F67CB00C71DE4 /* bn_s_mp_sqr.c in Sources */ = {isa = PBXBuildFile; fileRef = 7BD4CF48220F67C500C71DE4 /* bn_s_mp_sqr.c */; };
		7BD4CFD4220F67CB00C71DE4 /* bn_mp_karatsuba_sqr.c in Sources */ = {isa = PBXBuildFile; fileRef = 7BD4CF49220F67C500C71DE4 /* bn_mp_karatsuba_sqr.c */; };
		7BD4CFD5220F67CB00C71DE4 /* bn_mp_sqrtmod_prime.c in Sources */ = {isa = PBXBuildFile; fileRef = 7BD4CF4A220F67C500C71DE4 /* bn_mp_sqrtmod_prime.c */; };
		7BD4CFD6220F67CB00C71DE4 /* bn_mp_read_unsigned_bin.c in Sources */ = {isa = PBXBuildFile; fileRef = 7BD4CF4B220F67C500C71DE4 /* bn_mp_read_unsigned_bin.c */; };
		7BD4CFD7220F67CB00C71DE4 /* bn_mp_reduce_is_2k_l.c in Sources */ = {isa = PBXBuildFile; fileRef = 7BD4CF4C220F67C500C71DE4 /* bn_mp_reduce_is_2k_l.c */; };
		7BD4CFD8220F67CB00C71DE4 /* bn_mp_cmp.c in Sources */ = {isa = PBXBuildFile; fileRef = 7BD4CF4D220F67C500C71DE4 /* bn_mp_cmp.c */; };
		7BD4CFD9220F67CB00C71DE4 /* bn_mp_mod_2d.c in Sources */ = {isa = PBXBuildFile; fileRef = 7BD4CF4E220F67C500C71DE4 /* bn_mp_mod_2d.c */; };
		7BD4CFDA220F67CB00C71DE4 /* bn_mp_reduce_2k_l.c in Sources */ = {isa = PBXBuildFile; fileRef = 7BD4CF4F220F67C500C71DE4 /* bn_mp_reduce_2k_l.c */; };
		7BD4CFDB220F67CB00C71DE4 /* bn_mp_montgomery_reduce.c in Sources */ = {isa = PBXBuildFile; fileRef = 7BD4CF50220F67C500C71DE4 /* bn_mp_montgomery_reduce.c */; };
		7BD4CFDC220F67CB00C71DE4 /* bn_mp_set.c in Sources */ = {isa = PBXBuildFile; fileRef = 7BD4CF51220F67C500C71DE4 /* bn_mp_set.c */; };
		7BD4CFDD220F67CB00C71DE4 /* bn_mp_montgomery_setup.c in Sources */ = {isa = PBXBuildFile; fileRef = 7BD4CF52220F67C500C71DE4 /* bn_mp_montgomery_setup.c */; };
		7BD4CFDE220F67CB00C71DE4 /* bn_mp_mul_d.c in Sources */ = {isa = PBXBuildFile; fileRef = 7BD4CF53220F67C500C71DE4 /* bn_mp_mul_d.c */; };
		7BD4CFDF220F67CB00C71DE4 /* bn_mp_tc_and.c in Sources */ = {isa = PBXBuildFile; fileRef = 7BD4CF54220F67C600C71DE4 /* bn_mp_tc_and.c */; };
		7BD4CFE0220F67CB00C71DE4 /* bn_mp_xor.c in Sources */ = {isa = PBXBuildFile; fileRef = 7BD4CF55220F67C600C71DE4 /* bn_mp_xor.c */; };
		7BD4CFE1220F67CB00C71DE4 /* bn_s_mp_add.c in Sources */ = {isa = PBXBuildFile; fileRef = 7BD4CF56220F67C600C71DE4 /* bn_s_mp_add.c */; };
		7BD4CFE2220F67CB00C71DE4 /* bn_mp_get_long.c in Sources */ = {isa = PBXBuildFile; fileRef = 7BD4CF57220F67C600C71DE4 /* bn_mp_get_long.c */; };
		7BD4CFE3220F67CB00C71DE4 /* bn_mp_read_signed_bin.c in Sources */ = {isa = PBXBuildFile; fileRef = 7BD4CF58220F67C600C71DE4 /* bn_mp_read_signed_bin.c */; };
		7BD4CFE4220F67CB00C71DE4 /* bn_mp_get_double.c in Sources */ = {isa = PBXBuildFile; fileRef = 7BD4CF59220F67C600C71DE4 /* bn_mp_get_double.c */; };
		7BD4CFE5220F67CB00C71DE4 /* bn_mp_or.c in Sources */ = {isa = PBXBuildFile; fileRef = 7BD4CF5A220F67C600C71DE4 /* bn_mp_or.c */; };
		7BD4CFE6220F67CB00C71DE4 /* bn_s_mp_sub.c in Sources */ = {isa = PBXBuildFile; fileRef = 7BD4CF5B220F67C600C71DE4 /* bn_s_mp_sub.c */; };
		7BD4CFE7220F67CB00C71DE4 /* bncore.c in Sources */ = {isa = PBXBuildFile; fileRef = 7BD4CF5C220F67C600C71DE4 /* bncore.c */; };
		7BD4CFE8220F67CB00C71DE4 /* bn_mp_reduce_2k.c in Sources */ = {isa = PBXBuildFile; fileRef = 7BD4CF5D220F67C600C71DE4 /* bn_mp_reduce_2k.c */; };
		7BD4CFE9220F67CB00C71DE4 /* bn_mp_read_radix.c in Sources */ = {isa = PBXBuildFile; fileRef = 7BD4CF5E220F67C600C71DE4 /* bn_mp_read_radix.c */; };
		7BD4CFEA220F67CB00C71DE4 /* bn_mp_init_copy.c in Sources */ = {isa = PBXBuildFile; fileRef = 7BD4CF5F220F67C600C71DE4 /* bn_mp_init_copy.c */; };
		7BD4CFEB220F67CB00C71DE4 /* bn_mp_neg.c in Sources */ = {isa = PBXBuildFile; fileRef = 7BD4CF60220F67C600C71DE4 /* bn_mp_neg.c */; };
		7BD4CFEC220F67CB00C71DE4 /* bn_mp_sqrmod.c in Sources */ = {isa = PBXBuildFile; fileRef = 7BD4CF61220F67C600C71DE4 /* bn_mp_sqrmod.c */; };
		7BD4CFED220F67CB00C71DE4 /* bn_mp_kronecker.c in Sources */ = {isa = PBXBuildFile; fileRef = 7BD4CF62220F67C600C71DE4 /* bn_mp_kronecker.c */; };
		7BD4CFEE220F67CB00C71DE4 /* bn_mp_clear_multi.c in Sources */ = {isa = PBXBuildFile; fileRef = 7BD4CF63220F67C700C71DE4 /* bn_mp_clear_multi.c */; };
		7BD4CFEF220F67CB00C71DE4 /* bn_mp_dr_reduce.c in Sources */ = {isa = PBXBuildFile; fileRef = 7BD4CF64220F67C700C71DE4 /* bn_mp_dr_reduce.c */; };
		7BD4CFF0220F67CB00C71DE4 /* bn_mp_init_size.c in Sources */ = {isa = PBXBuildFile; fileRef = 7BD4CF65220F67C700C71DE4 /* bn_mp_init_size.c */; };
		7BD4CFF1220F67CB00C71DE4 /* bn_mp_invmod.c in Sources */ = {isa = PBXBuildFile; fileRef = 7BD4CF66220F67C700C71DE4 /* bn_mp_invmod.c */; };
		7BD4CFF2220F67CB00C71DE4 /* bn_mp_count_bits.c in Sources */ = {isa = PBXBuildFile; fileRef = 7BD4CF67220F67C700C71DE4 /* bn_mp_count_bits.c */; };
		7BD4CFF3220F67CB00C71DE4 /* bn_mp_mul_2d.c in Sources */ = {isa = PBXBuildFile; fileRef = 7BD4CF68220F67C700C71DE4 /* bn_mp_mul_2d.c */; };
		7BD4CFF4220F67CB00C71DE4 /* bn_mp_n_root_ex.c in Sources */ = {isa = PBXBuildFile; fileRef = 7BD4CF69220F67C700C71DE4 /* bn_mp_n_root_ex.c */; };
		7BD4CFF5220F67CB00C71DE4 /* bn_mp_abs.c in Sources */ = {isa = PBXBuildFile; fileRef = 7BD4CF6A220F67C700C71DE4 /* bn_mp_abs.c */; };
		7BD4CFF6220F67CB00C71DE4 /* bn_mp_to_unsigned_bin_n.c in Sources */ = {isa = PBXBuildFile; fileRef = 7BD4CF6B220F67C700C71DE4 /* bn_mp_to_unsigned_bin_n.c */; };
		7BD4CFF7220F67CB00C71DE4 /* bn_mp_expt_d.c in Sources */ = {isa = PBXBuildFile; fileRef = 7BD4CF6C220F67C700C71DE4 /* bn_mp_expt_d.c */; };
		7BD4CFF8220F67CB00C71DE4 /* bn_s_mp_mul_high_digs.c in Sources */ = {isa = PBXBuildFile; fileRef = 7BD4CF6D220F67C700C71DE4 /* bn_s_mp_mul_high_digs.c */; };
		7BD4CFF9220F67CB00C71DE4 /* bn_mp_exptmod.c in Sources */ = {isa = PBXBuildFile; fileRef = 7BD4CF6E220F67C700C71DE4 /* bn_mp_exptmod.c */; };
		7BD4CFFA220F67CB00C71DE4 /* bn_mp_toradix_n.c in Sources */ = {isa = PBXBuildFile; fileRef = 7BD4CF6F220F67C700C71DE4 /* bn_mp_toradix_n.c */; };
		7BD4CFFB220F67CB00C71DE4 /* bn_mp_reduce_2k_setup_l.c in Sources */ = {isa = PBXBuildFile; fileRef = 7BD4CF70220F67C700C71DE4 /* bn_mp_reduce_2k_setup_l.c */; };
		7BD4CFFC220F67CB00C71DE4 /* bn_mp_montgomery_calc_normalization.c in Sources */ = {isa = PBXBuildFile; fileRef = 7BD4CF71220F67C700C71DE4 /* bn_mp_montgomery_calc_normalization.c */; };
		7BD4CFFD220F67CB00C71DE4 /* bn_mp_toom_sqr.c in Sources */ = {isa = PBXBuildFile; fileRef = 7BD4CF72220F67C800C71DE4 /* bn_mp_toom_sqr.c */; };
		7BD4CFFE220F67CB00C71DE4 /* bn_mp_add.c in Sources */ = {isa = PBXBuildFile; fileRef = 7BD4CF73220F67C800C71DE4 /* bn_mp_add.c */; };
		7BD4CFFF220F67CB00C71DE4 /* bn_mp_copy.c in Sources */ = {isa = PBXBuildFile; fileRef = 7BD4CF74220F67C800C71DE4 /* bn_mp_copy.c */; };
		7BD4D000220F67CB00C71DE4 /* bn_mp_lcm.c in Sources */ = {isa = PBXBuildFile; fileRef = 7BD4CF75220F67C800C71DE4 /* bn_mp_lcm.c */; };
		7BD4D001220F67CB00C71DE4 /* bn_mp_div.c in Sources */ = {isa = PBXBuildFile; fileRef = 7BD4CF76220F67C800C71DE4 /* bn_mp_div.c */; };
		7BD4D002220F67CB00C71DE4 /* bn_mp_prime_fermat.c in Sources */ = {isa = PBXBuildFile; fileRef = 7BD4CF77220F67C800C71DE4 /* bn_mp_prime_fermat.c */; };
		7BD4D003220F67CB00C71DE4 /* bn_mp_get_int.c in Sources */ = {isa = PBXBuildFile; fileRef = 7BD4CF78220F67C800C71DE4 /* bn_mp_get_int.c */; };
		7BD4D004220F67CB00C71DE4 /* bn_mp_div_d.c in Sources */ = {isa = PBXBuildFile; fileRef = 7BD4CF79220F67C800C71DE4 /* bn_mp_div_d.c */; };
		7BD4D005220F67CB00C71DE4 /* bn_mp_addmod.c in Sources */ = {isa = PBXBuildFile; fileRef = 7BD4CF7A220F67C800C71DE4 /* bn_mp_addmod.c */; };
		7BD4D006220F67CB00C71DE4 /* bn_mp_dr_setup.c in Sources */ = {isa = PBXBuildFile; fileRef = 7BD4CF7B220F67C800C71DE4 /* bn_mp_dr_setup.c */; };
		7BD4D007220F67CB00C71DE4 /* bn_mp_submod.c in Sources */ = {isa = PBXBuildFile; fileRef = 7BD4CF7C220F67C800C71DE4 /* bn_mp_submod.c */; };
		7BD4D008220F67CB00C71DE4 /* bn_mp_sqr.c in Sources */ = {isa = PBXBuildFile; fileRef = 7BD4CF7D220F67C800C71DE4 /* bn_mp_sqr.c */; };
		7BD4D009220F67CB00C71DE4 /* bn_mp_fread.c in Sources */ = {isa = PBXBuildFile; fileRef = 7BD4CF7E220F67C800C71DE4 /* bn_mp_fread.c */; };
		7BD4D00A220F67CB00C71DE4 /* bn_mp_fwrite.c in Sources */ = {isa = PBXBuildFile; fileRef = 7BD4CF7F220F67C800C71DE4 /* bn_mp_fwrite.c */; };
		7BD4D00B220F67CB00C71DE4 /* bn_fast_mp_montgomery_reduce.c in Sources */ = {isa = PBXBuildFile; fileRef = 7BD4CF80220F67C800C71DE4 /* bn_fast_mp_montgomery_reduce.c */; };
		7BD4D00C220F67CB00C71DE4 /* bn_mp_n_root.c in Sources */ = {isa = PBXBuildFile; fileRef = 7BD4CF81220F67C900C71DE4 /* bn_mp_n_root.c */; };
		7BD4D00D220F67CB00C71DE4 /* bn_mp_prime_is_divisible.c in Sources */ = {isa = PBXBuildFile; fileRef = 7BD4CF82220F67C900C71DE4 /* bn_mp_prime_is_divisible.c */; };
		7BD4D00E220F67CB00C71DE4 /* bn_mp_and.c in Sources */ = {isa = PBXBuildFile; fileRef = 7BD4CF83220F67C900C71DE4 /* bn_mp_and.c */; };
		7BD4D00F220F67CB00C71DE4 /* bn_mp_init_multi.c in Sources */ = {isa = PBXBuildFile; fileRef = 7BD4CF84220F67C900C71DE4 /* bn_mp_init_multi.c */; };
		7BD4D010220F67CB00C71DE4 /* bn_mp_to_signed_bin_n.c in Sources */ = {isa = PBXBuildFile; fileRef = 7BD4CF85220F67C900C71DE4 /* bn_mp_to_signed_bin_n.c */; };
		7BD4D011220F67CB00C71DE4 /* bn_mp_karatsuba_mul.c in Sources */ = {isa = PBXBuildFile; fileRef = 7BD4CF86220F67C900C71DE4 /* bn_mp_karatsuba_mul.c */; };
		7BD4D012220F67CB00C71DE4 /* bn_mp_lshd.c in Sources */ = {isa = PBXBuildFile; fileRef = 7BD4CF87220F67C900C71DE4 /* bn_mp_lshd.c */; };
		7BD4D013220F67CB00C71DE4 /* bn_mp_zero.c in Sources */ = {isa = PBXBuildFile; fileRef = 7BD4CF88220F67C900C71DE4 /* bn_mp_zero.c */; };
		7BD4D014220F67CB00C71DE4 /* bn_mp_mul_2.c in Sources */ = {isa = PBXBuildFile; fileRef = 7BD4CF89220F67C900C71DE4 /* bn_mp_mul_2.c */; };
		7BD4D015220F67CB00C71DE4 /* bn_fast_s_mp_mul_digs.c in Sources */ = {isa = PBXBuildFile; fileRef = 7BD4CF8A220F67C900C71DE4 /* bn_fast_s_mp_mul_digs.c */; };
		7BD4D016220F67CB00C71DE4 /* bn_mp_gcd.c in Sources */ = {isa = PBXBuildFile; fileRef = 7BD4CF8B220F67C900C71DE4 /* bn_mp_gcd.c */; };
		7BD4D017220F67CB00C71DE4 /* bn_mp_reduce_setup.c in Sources */ = {isa = PBXBuildFile; fileRef = 7BD4CF8C220F67C900C71DE4 /* bn_mp_reduce_setup.c */; };
		7BD4D018220F67CB00C71DE4 /* bn_mp_set_int.c in Sources */ = {isa = PBXBuildFile; fileRef = 7BD4CF8D220F67C900C71DE4 /* bn_mp_set_int.c */; };
		7BD4D019220F67CB00C71DE4 /* bn_mp_get_bit.c in Sources */ = {isa = PBXBuildFile; fileRef = 7BD4CF8E220F67C900C71DE4 /* bn_mp_get_bit.c */; };
		7BD4D01A220F67CB00C71DE4 /* bn_mp_to_signed_bin.c in Sources */ = {isa = PBXBuildFile; fileRef = 7BD4CF8F220F67C900C71DE4 /* bn_mp_to_signed_bin.c */; };
		7BD4D01B220F67CB00C71DE4 /* bn_mp_exteuclid.c in Sources */ = {isa = PBXBuildFile; fileRef = 7BD4CF90220F67CA00C71DE4 /* bn_mp_exteuclid.c */; };
		7BD4D01C220F67CB00C71DE4 /* bn_mp_exptmod_fast.c in Sources */ = {isa = PBXBuildFile; fileRef = 7BD4CF91220F67CA00C71DE4 /* bn_mp_exptmod_fast.c */; };
		7BD4D01D220F67CB00C71DE4 /* bn_mp_invmod_slow.c in Sources */ = {isa = PBXBuildFile; fileRef = 7BD4CF92220F67CA00C71DE4 /* bn_mp_invmod_slow.c */; };
		7BD4D01E220F67CB00C71DE4 /* bn_mp_toom_mul.c in Sources */ = {isa = PBXBuildFile; fileRef = 7BD4CF93220F67CA00C71DE4 /* bn_mp_toom_mul.c */; };
		7BD4D01F220F67CB00C71DE4 /* bn_mp_set_long_long.c in Sources */ = {isa = PBXBuildFile; fileRef = 7BD4CF94220F67CA00C71DE4 /* bn_mp_set_long_long.c */; };
		7BD4D020220F67CB00C71DE4 /* bn_mp_expt_d_ex.c in Sources */ = {isa = PBXBuildFile; fileRef = 7BD4CF95220F67CA00C71DE4 /* bn_mp_expt_d_ex.c */; };
		7BD4D021220F67CB00C71DE4 /* bn_mp_export.c in Sources */ = {isa = PBXBuildFile; fileRef = 7BD4CF96220F67CA00C71DE4 /* bn_mp_export.c */; };
		7BD4D022220F67CB00C71DE4 /* bn_mp_init_set_int.c in Sources */ = {isa = PBXBuildFile; fileRef = 7BD4CF97220F67CA00C71DE4 /* bn_mp_init_set_int.c */; };
		7BD4D023220F67CB00C71DE4 /* bn_mp_div_2d.c in Sources */ = {isa = PBXBuildFile; fileRef = 7BD4CF98220F67CA00C71DE4 /* bn_mp_div_2d.c */; };
		7BD4D024220F67CB00C71DE4 /* bn_s_mp_exptmod.c in Sources */ = {isa = PBXBuildFile; fileRef = 7BD4CF99220F67CA00C71DE4 /* bn_s_mp_exptmod.c */; };
		7BD4D025220F67CB00C71DE4 /* bn_mp_complement.c in Sources */ = {isa = PBXBuildFile; fileRef = 7BD4CF9A220F67CA00C71DE4 /* bn_mp_complement.c */; };
		7BD4D026220F67CB00C71DE4 /* bn_mp_jacobi.c in Sources */ = {isa = PBXBuildFile; fileRef = 7BD4CF9B220F67CA00C71DE4 /* bn_mp_jacobi.c */; };
		7BD4D027220F67CB00C71DE4 /* bn_prime_tab.c in Sources */ = {isa = PBXBuildFile; fileRef = 7BD4CF9C220F67CB00C71DE4 /* bn_prime_tab.c */; };
		7BD4D028220F67CB00C71DE4 /* bn_mp_grow.c in Sources */ = {isa = PBXBuildFile; fileRef = 7BD4CF9D220F67CB00C71DE4 /* bn_mp_grow.c */; };
		7BD4D029220F67CB00C71DE4 /* bn_s_mp_mul_digs.c in Sources */ = {isa = PBXBuildFile; fileRef = 7BD4CF9E220F67CB00C71DE4 /* bn_s_mp_mul_digs.c */; };
		7BD4D02E220F681200C71DE4 /* tommath_private.h in Headers */ = {isa = PBXBuildFile; fileRef = 7BD4D02A220F681100C71DE4 /* tommath_private.h */; };
		7BD4D02F220F681200C71DE4 /* tommath_class.h in Headers */ = {isa = PBXBuildFile; fileRef = 7BD4D02B220F681200C71DE4 /* tommath_class.h */; };
		7BD4D030220F681200C71DE4 /* tommath.h in Headers */ = {isa = PBXBuildFile; fileRef = 7BD4D02C220F681200C71DE4 /* tommath.h */; };
		7BD4D031220F681200C71DE4 /* tommath_superclass.h in Headers */ = {isa = PBXBuildFile; fileRef = 7BD4D02D220F681200C71DE4 /* tommath_superclass.h */; };
/* End PBXBuildFile section */

/* Begin PBXFileReference section */
		7BB930DD220F66F700ED8314 /* libtommath.a */ = {isa = PBXFileReference; explicitFileType = archive.ar; includeInIndex = 0; path = libtommath.a; sourceTree = BUILT_PRODUCTS_DIR; };
		7BD4CF14220F67C100C71DE4 /* bn_mp_tc_xor.c */ = {isa = PBXFileReference; fileEncoding = 4; lastKnownFileType = sourcecode.c.c; path = bn_mp_tc_xor.c; sourceTree = "<group>"; };
		7BD4CF15220F67C100C71DE4 /* bn_fast_s_mp_sqr.c */ = {isa = PBXFileReference; fileEncoding = 4; lastKnownFileType = sourcecode.c.c; path = bn_fast_s_mp_sqr.c; sourceTree = "<group>"; };
		7BD4CF16220F67C100C71DE4 /* bn_mp_import.c */ = {isa = PBXFileReference; fileEncoding = 4; lastKnownFileType = sourcecode.c.c; path = bn_mp_import.c; sourceTree = "<group>"; };
		7BD4CF17220F67C100C71DE4 /* bn_mp_rand.c */ = {isa = PBXFileReference; fileEncoding = 4; lastKnownFileType = sourcecode.c.c; path = bn_mp_rand.c; sourceTree = "<group>"; };
		7BD4CF18220F67C100C71DE4 /* bn_mp_prime_frobenius_underwood.c */ = {isa = PBXFileReference; fileEncoding = 4; lastKnownFileType = sourcecode.c.c; path = bn_mp_prime_frobenius_underwood.c; sourceTree = "<group>"; };
		7BD4CF19220F67C100C71DE4 /* bn_mp_toradix.c */ = {isa = PBXFileReference; fileEncoding = 4; lastKnownFileType = sourcecode.c.c; path = bn_mp_toradix.c; sourceTree = "<group>"; };
		7BD4CF1A220F67C100C71DE4 /* bn_mp_reduce.c */ = {isa = PBXFileReference; fileEncoding = 4; lastKnownFileType = sourcecode.c.c; path = bn_mp_reduce.c; sourceTree = "<group>"; };
		7BD4CF1B220F67C100C71DE4 /* bn_mp_set_double.c */ = {isa = PBXFileReference; fileEncoding = 4; lastKnownFileType = sourcecode.c.c; path = bn_mp_set_double.c; sourceTree = "<group>"; };
		7BD4CF1C220F67C200C71DE4 /* bn_mp_reduce_is_2k.c */ = {isa = PBXFileReference; fileEncoding = 4; lastKnownFileType = sourcecode.c.c; path = bn_mp_reduce_is_2k.c; sourceTree = "<group>"; };
		7BD4CF1D220F67C200C71DE4 /* bn_mp_add_d.c */ = {isa = PBXFileReference; fileEncoding = 4; lastKnownFileType = sourcecode.c.c; path = bn_mp_add_d.c; sourceTree = "<group>"; };
		7BD4CF1E220F67C200C71DE4 /* bn_mp_radix_smap.c */ = {isa = PBXFileReference; fileEncoding = 4; lastKnownFileType = sourcecode.c.c; path = bn_mp_radix_smap.c; sourceTree = "<group>"; };
		7BD4CF1F220F67C200C71DE4 /* bn_mp_cmp_d.c */ = {isa = PBXFileReference; fileEncoding = 4; lastKnownFileType = sourcecode.c.c; path = bn_mp_cmp_d.c; sourceTree = "<group>"; };
		7BD4CF20220F67C200C71DE4 /* bn_mp_dr_is_modulus.c */ = {isa = PBXFileReference; fileEncoding = 4; lastKnownFileType = sourcecode.c.c; path = bn_mp_dr_is_modulus.c; sourceTree = "<group>"; };
		7BD4CF21220F67C200C71DE4 /* bn_mp_mod.c */ = {isa = PBXFileReference; fileEncoding = 4; lastKnownFileType = sourcecode.c.c; path = bn_mp_mod.c; sourceTree = "<group>"; };
		7BD4CF22220F67C200C71DE4 /* bn_mp_div_2.c */ = {isa = PBXFileReference; fileEncoding = 4; lastKnownFileType = sourcecode.c.c; path = bn_mp_div_2.c; sourceTree = "<group>"; };
		7BD4CF23220F67C200C71DE4 /* bn_mp_cmp_mag.c */ = {isa = PBXFileReference; fileEncoding = 4; lastKnownFileType = sourcecode.c.c; path = bn_mp_cmp_mag.c; sourceTree = "<group>"; };
		7BD4CF24220F67C200C71DE4 /* bn_mp_div_3.c */ = {isa = PBXFileReference; fileEncoding = 4; lastKnownFileType = sourcecode.c.c; path = bn_mp_div_3.c; sourceTree = "<group>"; };
		7BD4CF25220F67C200C71DE4 /* bn_mp_sqrt.c */ = {isa = PBXFileReference; fileEncoding = 4; lastKnownFileType = sourcecode.c.c; path = bn_mp_sqrt.c; sourceTree = "<group>"; };
		7BD4CF26220F67C200C71DE4 /* bn_mp_prime_miller_rabin.c */ = {isa = PBXFileReference; fileEncoding = 4; lastKnownFileType = sourcecode.c.c; path = bn_mp_prime_miller_rabin.c; sourceTree = "<group>"; };
		7BD4CF27220F67C300C71DE4 /* bn_mp_reduce_2k_setup.c */ = {isa = PBXFileReference; fileEncoding = 4; lastKnownFileType = sourcecode.c.c; path = bn_mp_reduce_2k_setup.c; sourceTree = "<group>"; };
		7BD4CF28220F67C300C71DE4 /* bn_mp_signed_bin_size.c */ = {isa = PBXFileReference; fileEncoding = 4; lastKnownFileType = sourcecode.c.c; path = bn_mp_signed_bin_size.c; sourceTree = "<group>"; };
		7BD4CF29220F67C300C71DE4 /* bn_mp_2expt.c */ = {isa = PBXFileReference; fileEncoding = 4; lastKnownFileType = sourcecode.c.c; path = bn_mp_2expt.c; sourceTree = "<group>"; };
		7BD4CF2A220F67C300C71DE4 /* bn_mp_prime_is_prime.c */ = {isa = PBXFileReference; fileEncoding = 4; lastKnownFileType = sourcecode.c.c; path = bn_mp_prime_is_prime.c; sourceTree = "<group>"; };
		7BD4CF2B220F67C300C71DE4 /* bn_mp_mod_d.c */ = {isa = PBXFileReference; fileEncoding = 4; lastKnownFileType = sourcecode.c.c; path = bn_mp_mod_d.c; sourceTree = "<group>"; };
		7BD4CF2C220F67C300C71DE4 /* bn_mp_radix_size.c */ = {isa = PBXFileReference; fileEncoding = 4; lastKnownFileType = sourcecode.c.c; path = bn_mp_radix_size.c; sourceTree = "<group>"; };
		7BD4CF2D220F67C300C71DE4 /* bn_mp_prime_rabin_miller_trials.c */ = {isa = PBXFileReference; fileEncoding = 4; lastKnownFileType = sourcecode.c.c; path = bn_mp_prime_rabin_miller_trials.c; sourceTree = "<group>"; };
		7BD4CF2E220F67C300C71DE4 /* bn_mp_init.c */ = {isa = PBXFileReference; fileEncoding = 4; lastKnownFileType = sourcecode.c.c; path = bn_mp_init.c; sourceTree = "<group>"; };
		7BD4CF2F220F67C300C71DE4 /* bn_mp_set_long.c */ = {isa = PBXFileReference; fileEncoding = 4; lastKnownFileType = sourcecode.c.c; path = bn_mp_set_long.c; sourceTree = "<group>"; };
		7BD4CF30220F67C300C71DE4 /* bn_mp_mulmod.c */ = {isa = PBXFileReference; fileEncoding = 4; lastKnownFileType = sourcecode.c.c; path = bn_mp_mulmod.c; sourceTree = "<group>"; };
		7BD4CF31220F67C300C71DE4 /* bn_error.c */ = {isa = PBXFileReference; fileEncoding = 4; lastKnownFileType = sourcecode.c.c; path = bn_error.c; sourceTree = "<group>"; };
		7BD4CF32220F67C300C71DE4 /* bn_mp_exch.c */ = {isa = PBXFileReference; fileEncoding = 4; lastKnownFileType = sourcecode.c.c; path = bn_mp_exch.c; sourceTree = "<group>"; };
		7BD4CF33220F67C300C71DE4 /* bn_mp_clamp.c */ = {isa = PBXFileReference; fileEncoding = 4; lastKnownFileType = sourcecode.c.c; path = bn_mp_clamp.c; sourceTree = "<group>"; };
		7BD4CF34220F67C300C71DE4 /* bn_mp_get_long_long.c */ = {isa = PBXFileReference; fileEncoding = 4; lastKnownFileType = sourcecode.c.c; path = bn_mp_get_long_long.c; sourceTree = "<group>"; };
		7BD4CF35220F67C300C71DE4 /* bn_mp_cnt_lsb.c */ = {isa = PBXFileReference; fileEncoding = 4; lastKnownFileType = sourcecode.c.c; path = bn_mp_cnt_lsb.c; sourceTree = "<group>"; };
		7BD4CF36220F67C400C71DE4 /* bn_mp_is_square.c */ = {isa = PBXFileReference; fileEncoding = 4; lastKnownFileType = sourcecode.c.c; path = bn_mp_is_square.c; sourceTree = "<group>"; };
		7BD4CF37220F67C400C71DE4 /* bn_mp_sub.c */ = {isa = PBXFileReference; fileEncoding = 4; lastKnownFileType = sourcecode.c.c; path = bn_mp_sub.c; sourceTree = "<group>"; };
		7BD4CF38220F67C400C71DE4 /* bn_mp_tc_div_2d.c */ = {isa = PBXFileReference; fileEncoding = 4; lastKnownFileType = sourcecode.c.c; path = bn_mp_tc_div_2d.c; sourceTree = "<group>"; };
		7BD4CF39220F67C400C71DE4 /* bn_mp_to_unsigned_bin.c */ = {isa = PBXFileReference; fileEncoding = 4; lastKnownFileType = sourcecode.c.c; path = bn_mp_to_unsigned_bin.c; sourceTree = "<group>"; };
		7BD4CF3A220F67C400C71DE4 /* bn_mp_unsigned_bin_size.c */ = {isa = PBXFileReference; fileEncoding = 4; lastKnownFileType = sourcecode.c.c; path = bn_mp_unsigned_bin_size.c; sourceTree = "<group>"; };
		7BD4CF3B220F67C400C71DE4 /* bn_mp_init_set.c */ = {isa = PBXFileReference; fileEncoding = 4; lastKnownFileType = sourcecode.c.c; path = bn_mp_init_set.c; sourceTree = "<group>"; };
		7BD4CF3C220F67C400C71DE4 /* bn_mp_clear.c */ = {isa = PBXFileReference; fileEncoding = 4; lastKnownFileType = sourcecode.c.c; path = bn_mp_clear.c; sourceTree = "<group>"; };
		7BD4CF3D220F67C400C71DE4 /* bn_fast_mp_invmod.c */ = {isa = PBXFileReference; fileEncoding = 4; lastKnownFileType = sourcecode.c.c; path = bn_fast_mp_invmod.c; sourceTree = "<group>"; };
		7BD4CF3E220F67C400C71DE4 /* bn_mp_prime_strong_lucas_selfridge.c */ = {isa = PBXFileReference; fileEncoding = 4; lastKnownFileType = sourcecode.c.c; path = bn_mp_prime_strong_lucas_selfridge.c; sourceTree = "<group>"; };
		7BD4CF3F220F67C400C71DE4 /* bn_mp_rshd.c */ = {isa = PBXFileReference; fileEncoding = 4; lastKnownFileType = sourcecode.c.c; path = bn_mp_rshd.c; sourceTree = "<group>"; };
		7BD4CF40220F67C400C71DE4 /* bn_fast_s_mp_mul_high_digs.c */ = {isa = PBXFileReference; fileEncoding = 4; lastKnownFileType = sourcecode.c.c; path = bn_fast_s_mp_mul_high_digs.c; sourceTree = "<group>"; };
		7BD4CF41220F67C400C71DE4 /* bn_reverse.c */ = {isa = PBXFileReference; fileEncoding = 4; lastKnownFileType = sourcecode.c.c; path = bn_reverse.c; sourceTree = "<group>"; };
		7BD4CF42220F67C400C71DE4 /* bn_mp_prime_random_ex.c */ = {isa = PBXFileReference; fileEncoding = 4; lastKnownFileType = sourcecode.c.c; path = bn_mp_prime_random_ex.c; sourceTree = "<group>"; };
		7BD4CF43220F67C400C71DE4 /* bn_mp_mul.c */ = {isa = PBXFileReference; fileEncoding = 4; lastKnownFileType = sourcecode.c.c; path = bn_mp_mul.c; sourceTree = "<group>"; };
		7BD4CF44220F67C400C71DE4 /* bn_mp_prime_next_prime.c */ = {isa = PBXFileReference; fileEncoding = 4; lastKnownFileType = sourcecode.c.c; path = bn_mp_prime_next_prime.c; sourceTree = "<group>"; };
		7BD4CF45220F67C500C71DE4 /* bn_mp_sub_d.c */ = {isa = PBXFileReference; fileEncoding = 4; lastKnownFileType = sourcecode.c.c; path = bn_mp_sub_d.c; sourceTree = "<group>"; };
		7BD4CF46220F67C500C71DE4 /* bn_mp_tc_or.c */ = {isa = PBXFileReference; fileEncoding = 4; lastKnownFileType = sourcecode.c.c; path = bn_mp_tc_or.c; sourceTree = "<group>"; };
		7BD4CF47220F67C500C71DE4 /* bn_mp_shrink.c */ = {isa = PBXFileReference; fileEncoding = 4; lastKnownFileType = sourcecode.c.c; path = bn_mp_shrink.c; sourceTree = "<group>"; };
		7BD4CF48220F67C500C71DE4 /* bn_s_mp_sqr.c */ = {isa = PBXFileReference; fileEncoding = 4; lastKnownFileType = sourcecode.c.c; path = bn_s_mp_sqr.c; sourceTree = "<group>"; };
		7BD4CF49220F67C500C71DE4 /* bn_mp_karatsuba_sqr.c */ = {isa = PBXFileReference; fileEncoding = 4; lastKnownFileType = sourcecode.c.c; path = bn_mp_karatsuba_sqr.c; sourceTree = "<group>"; };
		7BD4CF4A220F67C500C71DE4 /* bn_mp_sqrtmod_prime.c */ = {isa = PBXFileReference; fileEncoding = 4; lastKnownFileType = sourcecode.c.c; path = bn_mp_sqrtmod_prime.c; sourceTree = "<group>"; };
		7BD4CF4B220F67C500C71DE4 /* bn_mp_read_unsigned_bin.c */ = {isa = PBXFileReference; fileEncoding = 4; lastKnownFileType = sourcecode.c.c; path = bn_mp_read_unsigned_bin.c; sourceTree = "<group>"; };
		7BD4CF4C220F67C500C71DE4 /* bn_mp_reduce_is_2k_l.c */ = {isa = PBXFileReference; fileEncoding = 4; lastKnownFileType = sourcecode.c.c; path = bn_mp_reduce_is_2k_l.c; sourceTree = "<group>"; };
		7BD4CF4D220F67C500C71DE4 /* bn_mp_cmp.c */ = {isa = PBXFileReference; fileEncoding = 4; lastKnownFileType = sourcecode.c.c; path = bn_mp_cmp.c; sourceTree = "<group>"; };
		7BD4CF4E220F67C500C71DE4 /* bn_mp_mod_2d.c */ = {isa = PBXFileReference; fileEncoding = 4; lastKnownFileType = sourcecode.c.c; path = bn_mp_mod_2d.c; sourceTree = "<group>"; };
		7BD4CF4F220F67C500C71DE4 /* bn_mp_reduce_2k_l.c */ = {isa = PBXFileReference; fileEncoding = 4; lastKnownFileType = sourcecode.c.c; path = bn_mp_reduce_2k_l.c; sourceTree = "<group>"; };
		7BD4CF50220F67C500C71DE4 /* bn_mp_montgomery_reduce.c */ = {isa = PBXFileReference; fileEncoding = 4; lastKnownFileType = sourcecode.c.c; path = bn_mp_montgomery_reduce.c; sourceTree = "<group>"; };
		7BD4CF51220F67C500C71DE4 /* bn_mp_set.c */ = {isa = PBXFileReference; fileEncoding = 4; lastKnownFileType = sourcecode.c.c; path = bn_mp_set.c; sourceTree = "<group>"; };
		7BD4CF52220F67C500C71DE4 /* bn_mp_montgomery_setup.c */ = {isa = PBXFileReference; fileEncoding = 4; lastKnownFileType = sourcecode.c.c; path = bn_mp_montgomery_setup.c; sourceTree = "<group>"; };
		7BD4CF53220F67C500C71DE4 /* bn_mp_mul_d.c */ = {isa = PBXFileReference; fileEncoding = 4; lastKnownFileType = sourcecode.c.c; path = bn_mp_mul_d.c; sourceTree = "<group>"; };
		7BD4CF54220F67C600C71DE4 /* bn_mp_tc_and.c */ = {isa = PBXFileReference; fileEncoding = 4; lastKnownFileType = sourcecode.c.c; path = bn_mp_tc_and.c; sourceTree = "<group>"; };
		7BD4CF55220F67C600C71DE4 /* bn_mp_xor.c */ = {isa = PBXFileReference; fileEncoding = 4; lastKnownFileType = sourcecode.c.c; path = bn_mp_xor.c; sourceTree = "<group>"; };
		7BD4CF56220F67C600C71DE4 /* bn_s_mp_add.c */ = {isa = PBXFileReference; fileEncoding = 4; lastKnownFileType = sourcecode.c.c; path = bn_s_mp_add.c; sourceTree = "<group>"; };
		7BD4CF57220F67C600C71DE4 /* bn_mp_get_long.c */ = {isa = PBXFileReference; fileEncoding = 4; lastKnownFileType = sourcecode.c.c; path = bn_mp_get_long.c; sourceTree = "<group>"; };
		7BD4CF58220F67C600C71DE4 /* bn_mp_read_signed_bin.c */ = {isa = PBXFileReference; fileEncoding = 4; lastKnownFileType = sourcecode.c.c; path = bn_mp_read_signed_bin.c; sourceTree = "<group>"; };
		7BD4CF59220F67C600C71DE4 /* bn_mp_get_double.c */ = {isa = PBXFileReference; fileEncoding = 4; lastKnownFileType = sourcecode.c.c; path = bn_mp_get_double.c; sourceTree = "<group>"; };
		7BD4CF5A220F67C600C71DE4 /* bn_mp_or.c */ = {isa = PBXFileReference; fileEncoding = 4; lastKnownFileType = sourcecode.c.c; path = bn_mp_or.c; sourceTree = "<group>"; };
		7BD4CF5B220F67C600C71DE4 /* bn_s_mp_sub.c */ = {isa = PBXFileReference; fileEncoding = 4; lastKnownFileType = sourcecode.c.c; path = bn_s_mp_sub.c; sourceTree = "<group>"; };
		7BD4CF5C220F67C600C71DE4 /* bncore.c */ = {isa = PBXFileReference; fileEncoding = 4; lastKnownFileType = sourcecode.c.c; path = bncore.c; sourceTree = "<group>"; };
		7BD4CF5D220F67C600C71DE4 /* bn_mp_reduce_2k.c */ = {isa = PBXFileReference; fileEncoding = 4; lastKnownFileType = sourcecode.c.c; path = bn_mp_reduce_2k.c; sourceTree = "<group>"; };
		7BD4CF5E220F67C600C71DE4 /* bn_mp_read_radix.c */ = {isa = PBXFileReference; fileEncoding = 4; lastKnownFileType = sourcecode.c.c; path = bn_mp_read_radix.c; sourceTree = "<group>"; };
		7BD4CF5F220F67C600C71DE4 /* bn_mp_init_copy.c */ = {isa = PBXFileReference; fileEncoding = 4; lastKnownFileType = sourcecode.c.c; path = bn_mp_init_copy.c; sourceTree = "<group>"; };
		7BD4CF60220F67C600C71DE4 /* bn_mp_neg.c */ = {isa = PBXFileReference; fileEncoding = 4; lastKnownFileType = sourcecode.c.c; path = bn_mp_neg.c; sourceTree = "<group>"; };
		7BD4CF61220F67C600C71DE4 /* bn_mp_sqrmod.c */ = {isa = PBXFileReference; fileEncoding = 4; lastKnownFileType = sourcecode.c.c; path = bn_mp_sqrmod.c; sourceTree = "<group>"; };
		7BD4CF62220F67C600C71DE4 /* bn_mp_kronecker.c */ = {isa = PBXFileReference; fileEncoding = 4; lastKnownFileType = sourcecode.c.c; path = bn_mp_kronecker.c; sourceTree = "<group>"; };
		7BD4CF63220F67C700C71DE4 /* bn_mp_clear_multi.c */ = {isa = PBXFileReference; fileEncoding = 4; lastKnownFileType = sourcecode.c.c; path = bn_mp_clear_multi.c; sourceTree = "<group>"; };
		7BD4CF64220F67C700C71DE4 /* bn_mp_dr_reduce.c */ = {isa = PBXFileReference; fileEncoding = 4; lastKnownFileType = sourcecode.c.c; path = bn_mp_dr_reduce.c; sourceTree = "<group>"; };
		7BD4CF65220F67C700C71DE4 /* bn_mp_init_size.c */ = {isa = PBXFileReference; fileEncoding = 4; lastKnownFileType = sourcecode.c.c; path = bn_mp_init_size.c; sourceTree = "<group>"; };
		7BD4CF66220F67C700C71DE4 /* bn_mp_invmod.c */ = {isa = PBXFileReference; fileEncoding = 4; lastKnownFileType = sourcecode.c.c; path = bn_mp_invmod.c; sourceTree = "<group>"; };
		7BD4CF67220F67C700C71DE4 /* bn_mp_count_bits.c */ = {isa = PBXFileReference; fileEncoding = 4; lastKnownFileType = sourcecode.c.c; path = bn_mp_count_bits.c; sourceTree = "<group>"; };
		7BD4CF68220F67C700C71DE4 /* bn_mp_mul_2d.c */ = {isa = PBXFileReference; fileEncoding = 4; lastKnownFileType = sourcecode.c.c; path = bn_mp_mul_2d.c; sourceTree = "<group>"; };
		7BD4CF69220F67C700C71DE4 /* bn_mp_n_root_ex.c */ = {isa = PBXFileReference; fileEncoding = 4; lastKnownFileType = sourcecode.c.c; path = bn_mp_n_root_ex.c; sourceTree = "<group>"; };
		7BD4CF6A220F67C700C71DE4 /* bn_mp_abs.c */ = {isa = PBXFileReference; fileEncoding = 4; lastKnownFileType = sourcecode.c.c; path = bn_mp_abs.c; sourceTree = "<group>"; };
		7BD4CF6B220F67C700C71DE4 /* bn_mp_to_unsigned_bin_n.c */ = {isa = PBXFileReference; fileEncoding = 4; lastKnownFileType = sourcecode.c.c; path = bn_mp_to_unsigned_bin_n.c; sourceTree = "<group>"; };
		7BD4CF6C220F67C700C71DE4 /* bn_mp_expt_d.c */ = {isa = PBXFileReference; fileEncoding = 4; lastKnownFileType = sourcecode.c.c; path = bn_mp_expt_d.c; sourceTree = "<group>"; };
		7BD4CF6D220F67C700C71DE4 /* bn_s_mp_mul_high_digs.c */ = {isa = PBXFileReference; fileEncoding = 4; lastKnownFileType = sourcecode.c.c; path = bn_s_mp_mul_high_digs.c; sourceTree = "<group>"; };
		7BD4CF6E220F67C700C71DE4 /* bn_mp_exptmod.c */ = {isa = PBXFileReference; fileEncoding = 4; lastKnownFileType = sourcecode.c.c; path = bn_mp_exptmod.c; sourceTree = "<group>"; };
		7BD4CF6F220F67C700C71DE4 /* bn_mp_toradix_n.c */ = {isa = PBXFileReference; fileEncoding = 4; lastKnownFileType = sourcecode.c.c; path = bn_mp_toradix_n.c; sourceTree = "<group>"; };
		7BD4CF70220F67C700C71DE4 /* bn_mp_reduce_2k_setup_l.c */ = {isa = PBXFileReference; fileEncoding = 4; lastKnownFileType = sourcecode.c.c; path = bn_mp_reduce_2k_setup_l.c; sourceTree = "<group>"; };
		7BD4CF71220F67C700C71DE4 /* bn_mp_montgomery_calc_normalization.c */ = {isa = PBXFileReference; fileEncoding = 4; lastKnownFileType = sourcecode.c.c; path = bn_mp_montgomery_calc_normalization.c; sourceTree = "<group>"; };
		7BD4CF72220F67C800C71DE4 /* bn_mp_toom_sqr.c */ = {isa = PBXFileReference; fileEncoding = 4; lastKnownFileType = sourcecode.c.c; path = bn_mp_toom_sqr.c; sourceTree = "<group>"; };
		7BD4CF73220F67C800C71DE4 /* bn_mp_add.c */ = {isa = PBXFileReference; fileEncoding = 4; lastKnownFileType = sourcecode.c.c; path = bn_mp_add.c; sourceTree = "<group>"; };
		7BD4CF74220F67C800C71DE4 /* bn_mp_copy.c */ = {isa = PBXFileReference; fileEncoding = 4; lastKnownFileType = sourcecode.c.c; path = bn_mp_copy.c; sourceTree = "<group>"; };
		7BD4CF75220F67C800C71DE4 /* bn_mp_lcm.c */ = {isa = PBXFileReference; fileEncoding = 4; lastKnownFileType = sourcecode.c.c; path = bn_mp_lcm.c; sourceTree = "<group>"; };
		7BD4CF76220F67C800C71DE4 /* bn_mp_div.c */ = {isa = PBXFileReference; fileEncoding = 4; lastKnownFileType = sourcecode.c.c; path = bn_mp_div.c; sourceTree = "<group>"; };
		7BD4CF77220F67C800C71DE4 /* bn_mp_prime_fermat.c */ = {isa = PBXFileReference; fileEncoding = 4; lastKnownFileType = sourcecode.c.c; path = bn_mp_prime_fermat.c; sourceTree = "<group>"; };
		7BD4CF78220F67C800C71DE4 /* bn_mp_get_int.c */ = {isa = PBXFileReference; fileEncoding = 4; lastKnownFileType = sourcecode.c.c; path = bn_mp_get_int.c; sourceTree = "<group>"; };
		7BD4CF79220F67C800C71DE4 /* bn_mp_div_d.c */ = {isa = PBXFileReference; fileEncoding = 4; lastKnownFileType = sourcecode.c.c; path = bn_mp_div_d.c; sourceTree = "<group>"; };
		7BD4CF7A220F67C800C71DE4 /* bn_mp_addmod.c */ = {isa = PBXFileReference; fileEncoding = 4; lastKnownFileType = sourcecode.c.c; path = bn_mp_addmod.c; sourceTree = "<group>"; };
		7BD4CF7B220F67C800C71DE4 /* bn_mp_dr_setup.c */ = {isa = PBXFileReference; fileEncoding = 4; lastKnownFileType = sourcecode.c.c; path = bn_mp_dr_setup.c; sourceTree = "<group>"; };
		7BD4CF7C220F67C800C71DE4 /* bn_mp_submod.c */ = {isa = PBXFileReference; fileEncoding = 4; lastKnownFileType = sourcecode.c.c; path = bn_mp_submod.c; sourceTree = "<group>"; };
		7BD4CF7D220F67C800C71DE4 /* bn_mp_sqr.c */ = {isa = PBXFileReference; fileEncoding = 4; lastKnownFileType = sourcecode.c.c; path = bn_mp_sqr.c; sourceTree = "<group>"; };
		7BD4CF7E220F67C800C71DE4 /* bn_mp_fread.c */ = {isa = PBXFileReference; fileEncoding = 4; lastKnownFileType = sourcecode.c.c; path = bn_mp_fread.c; sourceTree = "<group>"; };
		7BD4CF7F220F67C800C71DE4 /* bn_mp_fwrite.c */ = {isa = PBXFileReference; fileEncoding = 4; lastKnownFileType = sourcecode.c.c; path = bn_mp_fwrite.c; sourceTree = "<group>"; };
		7BD4CF80220F67C800C71DE4 /* bn_fast_mp_montgomery_reduce.c */ = {isa = PBXFileReference; fileEncoding = 4; lastKnownFileType = sourcecode.c.c; path = bn_fast_mp_montgomery_reduce.c; sourceTree = "<group>"; };
		7BD4CF81220F67C900C71DE4 /* bn_mp_n_root.c */ = {isa = PBXFileReference; fileEncoding = 4; lastKnownFileType = sourcecode.c.c; path = bn_mp_n_root.c; sourceTree = "<group>"; };
		7BD4CF82220F67C900C71DE4 /* bn_mp_prime_is_divisible.c */ = {isa = PBXFileReference; fileEncoding = 4; lastKnownFileType = sourcecode.c.c; path = bn_mp_prime_is_divisible.c; sourceTree = "<group>"; };
		7BD4CF83220F67C900C71DE4 /* bn_mp_and.c */ = {isa = PBXFileReference; fileEncoding = 4; lastKnownFileType = sourcecode.c.c; path = bn_mp_and.c; sourceTree = "<group>"; };
		7BD4CF84220F67C900C71DE4 /* bn_mp_init_multi.c */ = {isa = PBXFileReference; fileEncoding = 4; lastKnownFileType = sourcecode.c.c; path = bn_mp_init_multi.c; sourceTree = "<group>"; };
		7BD4CF85220F67C900C71DE4 /* bn_mp_to_signed_bin_n.c */ = {isa = PBXFileReference; fileEncoding = 4; lastKnownFileType = sourcecode.c.c; path = bn_mp_to_signed_bin_n.c; sourceTree = "<group>"; };
		7BD4CF86220F67C900C71DE4 /* bn_mp_karatsuba_mul.c */ = {isa = PBXFileReference; fileEncoding = 4; lastKnownFileType = sourcecode.c.c; path = bn_mp_karatsuba_mul.c; sourceTree = "<group>"; };
		7BD4CF87220F67C900C71DE4 /* bn_mp_lshd.c */ = {isa = PBXFileReference; fileEncoding = 4; lastKnownFileType = sourcecode.c.c; path = bn_mp_lshd.c; sourceTree = "<group>"; };
		7BD4CF88220F67C900C71DE4 /* bn_mp_zero.c */ = {isa = PBXFileReference; fileEncoding = 4; lastKnownFileType = sourcecode.c.c; path = bn_mp_zero.c; sourceTree = "<group>"; };
		7BD4CF89220F67C900C71DE4 /* bn_mp_mul_2.c */ = {isa = PBXFileReference; fileEncoding = 4; lastKnownFileType = sourcecode.c.c; path = bn_mp_mul_2.c; sourceTree = "<group>"; };
		7BD4CF8A220F67C900C71DE4 /* bn_fast_s_mp_mul_digs.c */ = {isa = PBXFileReference; fileEncoding = 4; lastKnownFileType = sourcecode.c.c; path = bn_fast_s_mp_mul_digs.c; sourceTree = "<group>"; };
		7BD4CF8B220F67C900C71DE4 /* bn_mp_gcd.c */ = {isa = PBXFileReference; fileEncoding = 4; lastKnownFileType = sourcecode.c.c; path = bn_mp_gcd.c; sourceTree = "<group>"; };
		7BD4CF8C220F67C900C71DE4 /* bn_mp_reduce_setup.c */ = {isa = PBXFileReference; fileEncoding = 4; lastKnownFileType = sourcecode.c.c; path = bn_mp_reduce_setup.c; sourceTree = "<group>"; };
		7BD4CF8D220F67C900C71DE4 /* bn_mp_set_int.c */ = {isa = PBXFileReference; fileEncoding = 4; lastKnownFileType = sourcecode.c.c; path = bn_mp_set_int.c; sourceTree = "<group>"; };
		7BD4CF8E220F67C900C71DE4 /* bn_mp_get_bit.c */ = {isa = PBXFileReference; fileEncoding = 4; lastKnownFileType = sourcecode.c.c; path = bn_mp_get_bit.c; sourceTree = "<group>"; };
		7BD4CF8F220F67C900C71DE4 /* bn_mp_to_signed_bin.c */ = {isa = PBXFileReference; fileEncoding = 4; lastKnownFileType = sourcecode.c.c; path = bn_mp_to_signed_bin.c; sourceTree = "<group>"; };
		7BD4CF90220F67CA00C71DE4 /* bn_mp_exteuclid.c */ = {isa = PBXFileReference; fileEncoding = 4; lastKnownFileType = sourcecode.c.c; path = bn_mp_exteuclid.c; sourceTree = "<group>"; };
		7BD4CF91220F67CA00C71DE4 /* bn_mp_exptmod_fast.c */ = {isa = PBXFileReference; fileEncoding = 4; lastKnownFileType = sourcecode.c.c; path = bn_mp_exptmod_fast.c; sourceTree = "<group>"; };
		7BD4CF92220F67CA00C71DE4 /* bn_mp_invmod_slow.c */ = {isa = PBXFileReference; fileEncoding = 4; lastKnownFileType = sourcecode.c.c; path = bn_mp_invmod_slow.c; sourceTree = "<group>"; };
		7BD4CF93220F67CA00C71DE4 /* bn_mp_toom_mul.c */ = {isa = PBXFileReference; fileEncoding = 4; lastKnownFileType = sourcecode.c.c; path = bn_mp_toom_mul.c; sourceTree = "<group>"; };
		7BD4CF94220F67CA00C71DE4 /* bn_mp_set_long_long.c */ = {isa = PBXFileReference; fileEncoding = 4; lastKnownFileType = sourcecode.c.c; path = bn_mp_set_long_long.c; sourceTree = "<group>"; };
		7BD4CF95220F67CA00C71DE4 /* bn_mp_expt_d_ex.c */ = {isa = PBXFileReference; fileEncoding = 4; lastKnownFileType = sourcecode.c.c; path = bn_mp_expt_d_ex.c; sourceTree = "<group>"; };
		7BD4CF96220F67CA00C71DE4 /* bn_mp_export.c */ = {isa = PBXFileReference; fileEncoding = 4; lastKnownFileType = sourcecode.c.c; path = bn_mp_export.c; sourceTree = "<group>"; };
		7BD4CF97220F67CA00C71DE4 /* bn_mp_init_set_int.c */ = {isa = PBXFileReference; fileEncoding = 4; lastKnownFileType = sourcecode.c.c; path = bn_mp_init_set_int.c; sourceTree = "<group>"; };
		7BD4CF98220F67CA00C71DE4 /* bn_mp_div_2d.c */ = {isa = PBXFileReference; fileEncoding = 4; lastKnownFileType = sourcecode.c.c; path = bn_mp_div_2d.c; sourceTree = "<group>"; };
		7BD4CF99220F67CA00C71DE4 /* bn_s_mp_exptmod.c */ = {isa = PBXFileReference; fileEncoding = 4; lastKnownFileType = sourcecode.c.c; path = bn_s_mp_exptmod.c; sourceTree = "<group>"; };
		7BD4CF9A220F67CA00C71DE4 /* bn_mp_complement.c */ = {isa = PBXFileReference; fileEncoding = 4; lastKnownFileType = sourcecode.c.c; path = bn_mp_complement.c; sourceTree = "<group>"; };
		7BD4CF9B220F67CA00C71DE4 /* bn_mp_jacobi.c */ = {isa = PBXFileReference; fileEncoding = 4; lastKnownFileType = sourcecode.c.c; path = bn_mp_jacobi.c; sourceTree = "<group>"; };
		7BD4CF9C220F67CB00C71DE4 /* bn_prime_tab.c */ = {isa = PBXFileReference; fileEncoding = 4; lastKnownFileType = sourcecode.c.c; path = bn_prime_tab.c; sourceTree = "<group>"; };
		7BD4CF9D220F67CB00C71DE4 /* bn_mp_grow.c */ = {isa = PBXFileReference; fileEncoding = 4; lastKnownFileType = sourcecode.c.c; path = bn_mp_grow.c; sourceTree = "<group>"; };
		7BD4CF9E220F67CB00C71DE4 /* bn_s_mp_mul_digs.c */ = {isa = PBXFileReference; fileEncoding = 4; lastKnownFileType = sourcecode.c.c; path = bn_s_mp_mul_digs.c; sourceTree = "<group>"; };
		7BD4D02A220F681100C71DE4 /* tommath_private.h */ = {isa = PBXFileReference; fileEncoding = 4; lastKnownFileType = sourcecode.c.h; path = tommath_private.h; sourceTree = "<group>"; };
		7BD4D02B220F681200C71DE4 /* tommath_class.h */ = {isa = PBXFileReference; fileEncoding = 4; lastKnownFileType = sourcecode.c.h; path = tommath_class.h; sourceTree = "<group>"; };
		7BD4D02C220F681200C71DE4 /* tommath.h */ = {isa = PBXFileReference; fileEncoding = 4; lastKnownFileType = sourcecode.c.h; path = tommath.h; sourceTree = "<group>"; };
		7BD4D02D220F681200C71DE4 /* tommath_superclass.h */ = {isa = PBXFileReference; fileEncoding = 4; lastKnownFileType = sourcecode.c.h; path = tommath_superclass.h; sourceTree = "<group>"; };
/* End PBXFileReference section */

/* Begin PBXFrameworksBuildPhase section */
		7BB930DB220F66F700ED8314 /* Frameworks */ = {
			isa = PBXFrameworksBuildPhase;
			buildActionMask = 2147483647;
			files = (
			);
			runOnlyForDeploymentPostprocessing = 0;
		};
/* End PBXFrameworksBuildPhase section */

/* Begin PBXGroup section */
		7BB930D4220F66F700ED8314 = {
			isa = PBXGroup;
			children = (
				7BD4CDFD220F675800C71DE4 /* tommath */,
				7BB930DE220F66F700ED8314 /* Products */,
			);
			sourceTree = "<group>";
		};
		7BB930DE220F66F700ED8314 /* Products */ = {
			isa = PBXGroup;
			children = (
				7BB930DD220F66F700ED8314 /* libtommath.a */,
			);
			name = Products;
			sourceTree = "<group>";
		};
		7BD4CDFD220F675800C71DE4 /* tommath */ = {
			isa = PBXGroup;
			children = (
				7BD4D02B220F681200C71DE4 /* tommath_class.h */,
				7BD4D02A220F681100C71DE4 /* tommath_private.h */,
				7BD4D02D220F681200C71DE4 /* tommath_superclass.h */,
				7BD4D02C220F681200C71DE4 /* tommath.h */,
				7BD4CF31220F67C300C71DE4 /* bn_error.c */,
				7BD4CF3D220F67C400C71DE4 /* bn_fast_mp_invmod.c */,
				7BD4CF80220F67C800C71DE4 /* bn_fast_mp_montgomery_reduce.c */,
				7BD4CF8A220F67C900C71DE4 /* bn_fast_s_mp_mul_digs.c */,
				7BD4CF40220F67C400C71DE4 /* bn_fast_s_mp_mul_high_digs.c */,
				7BD4CF15220F67C100C71DE4 /* bn_fast_s_mp_sqr.c */,
				7BD4CF29220F67C300C71DE4 /* bn_mp_2expt.c */,
				7BD4CF6A220F67C700C71DE4 /* bn_mp_abs.c */,
				7BD4CF1D220F67C200C71DE4 /* bn_mp_add_d.c */,
				7BD4CF73220F67C800C71DE4 /* bn_mp_add.c */,
				7BD4CF7A220F67C800C71DE4 /* bn_mp_addmod.c */,
				7BD4CF83220F67C900C71DE4 /* bn_mp_and.c */,
				7BD4CF33220F67C300C71DE4 /* bn_mp_clamp.c */,
				7BD4CF63220F67C700C71DE4 /* bn_mp_clear_multi.c */,
				7BD4CF3C220F67C400C71DE4 /* bn_mp_clear.c */,
				7BD4CF1F220F67C200C71DE4 /* bn_mp_cmp_d.c */,
				7BD4CF23220F67C200C71DE4 /* bn_mp_cmp_mag.c */,
				7BD4CF4D220F67C500C71DE4 /* bn_mp_cmp.c */,
				7BD4CF35220F67C300C71DE4 /* bn_mp_cnt_lsb.c */,
				7BD4CF9A220F67CA00C71DE4 /* bn_mp_complement.c */,
				7BD4CF74220F67C800C71DE4 /* bn_mp_copy.c */,
				7BD4CF67220F67C700C71DE4 /* bn_mp_count_bits.c */,
				7BD4CF22220F67C200C71DE4 /* bn_mp_div_2.c */,
				7BD4CF98220F67CA00C71DE4 /* bn_mp_div_2d.c */,
				7BD4CF24220F67C200C71DE4 /* bn_mp_div_3.c */,
				7BD4CF79220F67C800C71DE4 /* bn_mp_div_d.c */,
				7BD4CF76220F67C800C71DE4 /* bn_mp_div.c */,
				7BD4CF20220F67C200C71DE4 /* bn_mp_dr_is_modulus.c */,
				7BD4CF64220F67C700C71DE4 /* bn_mp_dr_reduce.c */,
				7BD4CF7B220F67C800C71DE4 /* bn_mp_dr_setup.c */,
				7BD4CF32220F67C300C71DE4 /* bn_mp_exch.c */,
				7BD4CF96220F67CA00C71DE4 /* bn_mp_export.c */,
				7BD4CF95220F67CA00C71DE4 /* bn_mp_expt_d_ex.c */,
				7BD4CF6C220F67C700C71DE4 /* bn_mp_expt_d.c */,
				7BD4CF91220F67CA00C71DE4 /* bn_mp_exptmod_fast.c */,
				7BD4CF6E220F67C700C71DE4 /* bn_mp_exptmod.c */,
				7BD4CF90220F67CA00C71DE4 /* bn_mp_exteuclid.c */,
				7BD4CF7E220F67C800C71DE4 /* bn_mp_fread.c */,
				7BD4CF7F220F67C800C71DE4 /* bn_mp_fwrite.c */,
				7BD4CF8B220F67C900C71DE4 /* bn_mp_gcd.c */,
				7BD4CF8E220F67C900C71DE4 /* bn_mp_get_bit.c */,
				7BD4CF59220F67C600C71DE4 /* bn_mp_get_double.c */,
				7BD4CF78220F67C800C71DE4 /* bn_mp_get_int.c */,
				7BD4CF34220F67C300C71DE4 /* bn_mp_get_long_long.c */,
				7BD4CF57220F67C600C71DE4 /* bn_mp_get_long.c */,
				7BD4CF9D220F67CB00C71DE4 /* bn_mp_grow.c */,
				7BD4CF16220F67C100C71DE4 /* bn_mp_import.c */,
				7BD4CF5F220F67C600C71DE4 /* bn_mp_init_copy.c */,
				7BD4CF84220F67C900C71DE4 /* bn_mp_init_multi.c */,
				7BD4CF97220F67CA00C71DE4 /* bn_mp_init_set_int.c */,
				7BD4CF3B220F67C400C71DE4 /* bn_mp_init_set.c */,
				7BD4CF65220F67C700C71DE4 /* bn_mp_init_size.c */,
				7BD4CF2E220F67C300C71DE4 /* bn_mp_init.c */,
				7BD4CF92220F67CA00C71DE4 /* bn_mp_invmod_slow.c */,
				7BD4CF66220F67C700C71DE4 /* bn_mp_invmod.c */,
				7BD4CF36220F67C400C71DE4 /* bn_mp_is_square.c */,
				7BD4CF9B220F67CA00C71DE4 /* bn_mp_jacobi.c */,
				7BD4CF86220F67C900C71DE4 /* bn_mp_karatsuba_mul.c */,
				7BD4CF49220F67C500C71DE4 /* bn_mp_karatsuba_sqr.c */,
				7BD4CF62220F67C600C71DE4 /* bn_mp_kronecker.c */,
				7BD4CF75220F67C800C71DE4 /* bn_mp_lcm.c */,
				7BD4CF87220F67C900C71DE4 /* bn_mp_lshd.c */,
				7BD4CF4E220F67C500C71DE4 /* bn_mp_mod_2d.c */,
				7BD4CF2B220F67C300C71DE4 /* bn_mp_mod_d.c */,
				7BD4CF21220F67C200C71DE4 /* bn_mp_mod.c */,
				7BD4CF71220F67C700C71DE4 /* bn_mp_montgomery_calc_normalization.c */,
				7BD4CF50220F67C500C71DE4 /* bn_mp_montgomery_reduce.c */,
				7BD4CF52220F67C500C71DE4 /* bn_mp_montgomery_setup.c */,
				7BD4CF89220F67C900C71DE4 /* bn_mp_mul_2.c */,
				7BD4CF68220F67C700C71DE4 /* bn_mp_mul_2d.c */,
				7BD4CF53220F67C500C71DE4 /* bn_mp_mul_d.c */,
				7BD4CF43220F67C400C71DE4 /* bn_mp_mul.c */,
				7BD4CF30220F67C300C71DE4 /* bn_mp_mulmod.c */,
				7BD4CF69220F67C700C71DE4 /* bn_mp_n_root_ex.c */,
				7BD4CF81220F67C900C71DE4 /* bn_mp_n_root.c */,
				7BD4CF60220F67C600C71DE4 /* bn_mp_neg.c */,
				7BD4CF5A220F67C600C71DE4 /* bn_mp_or.c */,
				7BD4CF77220F67C800C71DE4 /* bn_mp_prime_fermat.c */,
				7BD4CF18220F67C100C71DE4 /* bn_mp_prime_frobenius_underwood.c */,
				7BD4CF82220F67C900C71DE4 /* bn_mp_prime_is_divisible.c */,
				7BD4CF2A220F67C300C71DE4 /* bn_mp_prime_is_prime.c */,
				7BD4CF26220F67C200C71DE4 /* bn_mp_prime_miller_rabin.c */,
				7BD4CF44220F67C400C71DE4 /* bn_mp_prime_next_prime.c */,
				7BD4CF2D220F67C300C71DE4 /* bn_mp_prime_rabin_miller_trials.c */,
				7BD4CF42220F67C400C71DE4 /* bn_mp_prime_random_ex.c */,
				7BD4CF3E220F67C400C71DE4 /* bn_mp_prime_strong_lucas_selfridge.c */,
				7BD4CF2C220F67C300C71DE4 /* bn_mp_radix_size.c */,
				7BD4CF1E220F67C200C71DE4 /* bn_mp_radix_smap.c */,
				7BD4CF17220F67C100C71DE4 /* bn_mp_rand.c */,
				7BD4CF5E220F67C600C71DE4 /* bn_mp_read_radix.c */,
				7BD4CF58220F67C600C71DE4 /* bn_mp_read_signed_bin.c */,
				7BD4CF4B220F67C500C71DE4 /* bn_mp_read_unsigned_bin.c */,
				7BD4CF4F220F67C500C71DE4 /* bn_mp_reduce_2k_l.c */,
				7BD4CF70220F67C700C71DE4 /* bn_mp_reduce_2k_setup_l.c */,
				7BD4CF27220F67C300C71DE4 /* bn_mp_reduce_2k_setup.c */,
				7BD4CF5D220F67C600C71DE4 /* bn_mp_reduce_2k.c */,
				7BD4CF4C220F67C500C71DE4 /* bn_mp_reduce_is_2k_l.c */,
				7BD4CF1C220F67C200C71DE4 /* bn_mp_reduce_is_2k.c */,
				7BD4CF8C220F67C900C71DE4 /* bn_mp_reduce_setup.c */,
				7BD4CF1A220F67C100C71DE4 /* bn_mp_reduce.c */,
				7BD4CF3F220F67C400C71DE4 /* bn_mp_rshd.c */,
				7BD4CF1B220F67C100C71DE4 /* bn_mp_set_double.c */,
				7BD4CF8D220F67C900C71DE4 /* bn_mp_set_int.c */,
				7BD4CF94220F67CA00C71DE4 /* bn_mp_set_long_long.c */,
				7BD4CF2F220F67C300C71DE4 /* bn_mp_set_long.c */,
				7BD4CF51220F67C500C71DE4 /* bn_mp_set.c */,
				7BD4CF47220F67C500C71DE4 /* bn_mp_shrink.c */,
				7BD4CF28220F67C300C71DE4 /* bn_mp_signed_bin_size.c */,
				7BD4CF7D220F67C800C71DE4 /* bn_mp_sqr.c */,
				7BD4CF61220F67C600C71DE4 /* bn_mp_sqrmod.c */,
				7BD4CF25220F67C200C71DE4 /* bn_mp_sqrt.c */,
				7BD4CF4A220F67C500C71DE4 /* bn_mp_sqrtmod_prime.c */,
				7BD4CF45220F67C500C71DE4 /* bn_mp_sub_d.c */,
				7BD4CF37220F67C400C71DE4 /* bn_mp_sub.c */,
				7BD4CF7C220F67C800C71DE4 /* bn_mp_submod.c */,
				7BD4CF54220F67C600C71DE4 /* bn_mp_tc_and.c */,
				7BD4CF38220F67C400C71DE4 /* bn_mp_tc_div_2d.c */,
				7BD4CF46220F67C500C71DE4 /* bn_mp_tc_or.c */,
				7BD4CF14220F67C100C71DE4 /* bn_mp_tc_xor.c */,
				7BD4CF85220F67C900C71DE4 /* bn_mp_to_signed_bin_n.c */,
				7BD4CF8F220F67C900C71DE4 /* bn_mp_to_signed_bin.c */,
				7BD4CF6B220F67C700C71DE4 /* bn_mp_to_unsigned_bin_n.c */,
				7BD4CF39220F67C400C71DE4 /* bn_mp_to_unsigned_bin.c */,
				7BD4CF93220F67CA00C71DE4 /* bn_mp_toom_mul.c */,
				7BD4CF72220F67C800C71DE4 /* bn_mp_toom_sqr.c */,
				7BD4CF6F220F67C700C71DE4 /* bn_mp_toradix_n.c */,
				7BD4CF19220F67C100C71DE4 /* bn_mp_toradix.c */,
				7BD4CF3A220F67C400C71DE4 /* bn_mp_unsigned_bin_size.c */,
				7BD4CF55220F67C600C71DE4 /* bn_mp_xor.c */,
				7BD4CF88220F67C900C71DE4 /* bn_mp_zero.c */,
				7BD4CF9C220F67CB00C71DE4 /* bn_prime_tab.c */,
				7BD4CF41220F67C400C71DE4 /* bn_reverse.c */,
				7BD4CF56220F67C600C71DE4 /* bn_s_mp_add.c */,
				7BD4CF99220F67CA00C71DE4 /* bn_s_mp_exptmod.c */,
				7BD4CF9E220F67CB00C71DE4 /* bn_s_mp_mul_digs.c */,
				7BD4CF6D220F67C700C71DE4 /* bn_s_mp_mul_high_digs.c */,
				7BD4CF48220F67C500C71DE4 /* bn_s_mp_sqr.c */,
				7BD4CF5B220F67C600C71DE4 /* bn_s_mp_sub.c */,
				7BD4CF5C220F67C600C71DE4 /* bncore.c */,
			);
			path = tommath;
			sourceTree = "<group>";
		};
/* End PBXGroup section */

/* Begin PBXHeadersBuildPhase section */
		7BB930D9220F66F700ED8314 /* Headers */ = {
			isa = PBXHeadersBuildPhase;
			buildActionMask = 2147483647;
			files = (
				7BD4D031220F681200C71DE4 /* tommath_superclass.h in Headers */,
				7BD4D02F220F681200C71DE4 /* tommath_class.h in Headers */,
				7BD4D02E220F681200C71DE4 /* tommath_private.h in Headers */,
				7BD4D030220F681200C71DE4 /* tommath.h in Headers */,
			);
			runOnlyForDeploymentPostprocessing = 0;
		};
/* End PBXHeadersBuildPhase section */

/* Begin PBXNativeTarget section */
		7BB930DC220F66F700ED8314 /* tommath */ = {
			isa = PBXNativeTarget;
			buildConfigurationList = 7BB930E1220F66F700ED8314 /* Build configuration list for PBXNativeTarget "tommath" */;
			buildPhases = (
				7BB930D9220F66F700ED8314 /* Headers */,
				7BB930DA220F66F700ED8314 /* Sources */,
				7BB930DB220F66F700ED8314 /* Frameworks */,
			);
			buildRules = (
			);
			dependencies = (
			);
			name = tommath;
			productName = tommath;
			productReference = 7BB930DD220F66F700ED8314 /* libtommath.a */;
			productType = "com.apple.product-type.library.static";
		};
/* End PBXNativeTarget section */

/* Begin PBXProject section */
		7BB930D5220F66F700ED8314 /* Project object */ = {
			isa = PBXProject;
			attributes = {
				LastUpgradeCheck = 1010;
				ORGANIZATIONNAME = wuyuehyang;
				TargetAttributes = {
					7BB930DC220F66F700ED8314 = {
						CreatedOnToolsVersion = 10.1;
					};
				};
			};
			buildConfigurationList = 7BB930D8220F66F700ED8314 /* Build configuration list for PBXProject "tommath" */;
			compatibilityVersion = "Xcode 9.3";
			developmentRegion = en;
			hasScannedForEncodings = 0;
			knownRegions = (
				en,
			);
			mainGroup = 7BB930D4220F66F700ED8314;
			productRefGroup = 7BB930DE220F66F700ED8314 /* Products */;
			projectDirPath = "";
			projectRoot = "";
			targets = (
				7BB930DC220F66F700ED8314 /* tommath */,
			);
		};
/* End PBXProject section */

/* Begin PBXSourcesBuildPhase section */
		7BB930DA220F66F700ED8314 /* Sources */ = {
			isa = PBXSourcesBuildPhase;
			buildActionMask = 2147483647;
			files = (
				7BD4D01C220F67CB00C71DE4 /* bn_mp_exptmod_fast.c in Sources */,
				7BD4CFC0220F67CB00C71DE4 /* bn_mp_cnt_lsb.c in Sources */,
				7BD4CFD2220F67CB00C71DE4 /* bn_mp_shrink.c in Sources */,
				7BD4CFE7220F67CB00C71DE4 /* bncore.c in Sources */,
				7BD4CFAA220F67CB00C71DE4 /* bn_mp_cmp_d.c in Sources */,
				7BD4CFFD220F67CB00C71DE4 /* bn_mp_toom_sqr.c in Sources */,
				7BD4CFF8220F67CB00C71DE4 /* bn_s_mp_mul_high_digs.c in Sources */,
				7BD4CFCC220F67CB00C71DE4 /* bn_reverse.c in Sources */,
				7BD4D00C220F67CB00C71DE4 /* bn_mp_n_root.c in Sources */,
				7BD4CFFB220F67CB00C71DE4 /* bn_mp_reduce_2k_setup_l.c in Sources */,
				7BD4CFCD220F67CB00C71DE4 /* bn_mp_prime_random_ex.c in Sources */,
				7BD4CFB1220F67CB00C71DE4 /* bn_mp_prime_miller_rabin.c in Sources */,
				7BD4CFCE220F67CB00C71DE4 /* bn_mp_mul.c in Sources */,
				7BD4D029220F67CB00C71DE4 /* bn_s_mp_mul_digs.c in Sources */,
				7BD4D000220F67CB00C71DE4 /* bn_mp_lcm.c in Sources */,
				7BD4CFF3220F67CB00C71DE4 /* bn_mp_mul_2d.c in Sources */,
				7BD4CFF6220F67CB00C71DE4 /* bn_mp_to_unsigned_bin_n.c in Sources */,
				7BD4D001220F67CB00C71DE4 /* bn_mp_div.c in Sources */,
				7BD4D019220F67CB00C71DE4 /* bn_mp_get_bit.c in Sources */,
				7BD4CFBC220F67CB00C71DE4 /* bn_error.c in Sources */,
				7BD4CFA4220F67CB00C71DE4 /* bn_mp_toradix.c in Sources */,
				7BD4CFD9220F67CB00C71DE4 /* bn_mp_mod_2d.c in Sources */,
				7BD4CFCB220F67CB00C71DE4 /* bn_fast_s_mp_mul_high_digs.c in Sources */,
				7BD4CFC9220F67CB00C71DE4 /* bn_mp_prime_strong_lucas_selfridge.c in Sources */,
				7BD4CFEB220F67CB00C71DE4 /* bn_mp_neg.c in Sources */,
				7BD4CFC3220F67CB00C71DE4 /* bn_mp_tc_div_2d.c in Sources */,
				7BD4CFD5220F67CB00C71DE4 /* bn_mp_sqrtmod_prime.c in Sources */,
				7BD4CFF9220F67CB00C71DE4 /* bn_mp_exptmod.c in Sources */,
				7BD4CFF2220F67CB00C71DE4 /* bn_mp_count_bits.c in Sources */,
				7BD4D00D220F67CB00C71DE4 /* bn_mp_prime_is_divisible.c in Sources */,
				7BD4CFBB220F67CB00C71DE4 /* bn_mp_mulmod.c in Sources */,
				7BD4CFB8220F67CB00C71DE4 /* bn_mp_prime_rabin_miller_trials.c in Sources */,
				7BD4CFB0220F67CB00C71DE4 /* bn_mp_sqrt.c in Sources */,
				7BD4CFE5220F67CB00C71DE4 /* bn_mp_or.c in Sources */,
				7BD4D00F220F67CB00C71DE4 /* bn_mp_init_multi.c in Sources */,
				7BD4CFE8220F67CB00C71DE4 /* bn_mp_reduce_2k.c in Sources */,
				7BD4D00B220F67CB00C71DE4 /* bn_fast_mp_montgomery_reduce.c in Sources */,
				7BD4D023220F67CB00C71DE4 /* bn_mp_div_2d.c in Sources */,
				7BD4CFA1220F67CB00C71DE4 /* bn_mp_import.c in Sources */,
				7BD4D024220F67CB00C71DE4 /* bn_s_mp_exptmod.c in Sources */,
				7BD4D008220F67CB00C71DE4 /* bn_mp_sqr.c in Sources */,
				7BD4CFAB220F67CB00C71DE4 /* bn_mp_dr_is_modulus.c in Sources */,
				7BD4D018220F67CB00C71DE4 /* bn_mp_set_int.c in Sources */,
				7BD4CFE2220F67CB00C71DE4 /* bn_mp_get_long.c in Sources */,
				7BD4CFBF220F67CB00C71DE4 /* bn_mp_get_long_long.c in Sources */,
				7BD4D006220F67CB00C71DE4 /* bn_mp_dr_setup.c in Sources */,
				7BD4D005220F67CB00C71DE4 /* bn_mp_addmod.c in Sources */,
				7BD4CFD4220F67CB00C71DE4 /* bn_mp_karatsuba_sqr.c in Sources */,
				7BD4CFAF220F67CB00C71DE4 /* bn_mp_div_3.c in Sources */,
				7BD4CFB3220F67CB00C71DE4 /* bn_mp_signed_bin_size.c in Sources */,
				7BD4CFEC220F67CB00C71DE4 /* bn_mp_sqrmod.c in Sources */,
				7BD4D027220F67CB00C71DE4 /* bn_prime_tab.c in Sources */,
				7BD4CFA9220F67CB00C71DE4 /* bn_mp_radix_smap.c in Sources */,
				7BD4CFD8220F67CB00C71DE4 /* bn_mp_cmp.c in Sources */,
				7BD4CFEF220F67CB00C71DE4 /* bn_mp_dr_reduce.c in Sources */,
				7BD4D010220F67CB00C71DE4 /* bn_mp_to_signed_bin_n.c in Sources */,
				7BD4CFAC220F67CB00C71DE4 /* bn_mp_mod.c in Sources */,
				7BD4CFEE220F67CB00C71DE4 /* bn_mp_clear_multi.c in Sources */,
				7BD4CFDE220F67CB00C71DE4 /* bn_mp_mul_d.c in Sources */,
				7BD4CFC4220F67CB00C71DE4 /* bn_mp_to_unsigned_bin.c in Sources */,
				7BD4D016220F67CB00C71DE4 /* bn_mp_gcd.c in Sources */,
				7BD4CFD0220F67CB00C71DE4 /* bn_mp_sub_d.c in Sources */,
				7BD4CFF7220F67CB00C71DE4 /* bn_mp_expt_d.c in Sources */,
				7BD4CFA2220F67CB00C71DE4 /* bn_mp_rand.c in Sources */,
				7BD4CFA8220F67CB00C71DE4 /* bn_mp_add_d.c in Sources */,
				7BD4CFCF220F67CB00C71DE4 /* bn_mp_prime_next_prime.c in Sources */,
				7BD4D013220F67CB00C71DE4 /* bn_mp_zero.c in Sources */,
				7BD4D01B220F67CB00C71DE4 /* bn_mp_exteuclid.c in Sources */,
				7BD4CFE0220F67CB00C71DE4 /* bn_mp_xor.c in Sources */,
				7BD4CFD6220F67CB00C71DE4 /* bn_mp_read_unsigned_bin.c in Sources */,
				7BD4D00E220F67CB00C71DE4 /* bn_mp_and.c in Sources */,
				7BD4CFC6220F67CB00C71DE4 /* bn_mp_init_set.c in Sources */,
				7BD4CFFA220F67CB00C71DE4 /* bn_mp_toradix_n.c in Sources */,
				7BD4CFBD220F67CB00C71DE4 /* bn_mp_exch.c in Sources */,
				7BD4D01D220F67CB00C71DE4 /* bn_mp_invmod_slow.c in Sources */,
				7BD4D009220F67CB00C71DE4 /* bn_mp_fread.c in Sources */,
				7BD4D01A220F67CB00C71DE4 /* bn_mp_to_signed_bin.c in Sources */,
				7BD4D014220F67CB00C71DE4 /* bn_mp_mul_2.c in Sources */,
				7BD4CFC8220F67CB00C71DE4 /* bn_fast_mp_invmod.c in Sources */,
				7BD4CFC1220F67CB00C71DE4 /* bn_mp_is_square.c in Sources */,
				7BD4CFD7220F67CB00C71DE4 /* bn_mp_reduce_is_2k_l.c in Sources */,
				7BD4D017220F67CB00C71DE4 /* bn_mp_reduce_setup.c in Sources */,
				7BD4CFB6220F67CB00C71DE4 /* bn_mp_mod_d.c in Sources */,
				7BD4CFDA220F67CB00C71DE4 /* bn_mp_reduce_2k_l.c in Sources */,
				7BD4D01F220F67CB00C71DE4 /* bn_mp_set_long_long.c in Sources */,
				7BD4CFA7220F67CB00C71DE4 /* bn_mp_reduce_is_2k.c in Sources */,
				7BD4CFA3220F67CB00C71DE4 /* bn_mp_prime_frobenius_underwood.c in Sources */,
				7BD4CFA6220F67CB00C71DE4 /* bn_mp_set_double.c in Sources */,
				7BD4D00A220F67CB00C71DE4 /* bn_mp_fwrite.c in Sources */,
				7BD4D020220F67CB00C71DE4 /* bn_mp_expt_d_ex.c in Sources */,
				7BD4D004220F67CB00C71DE4 /* bn_mp_div_d.c in Sources */,
				7BD4D002220F67CB00C71DE4 /* bn_mp_prime_fermat.c in Sources */,
				7BD4D026220F67CB00C71DE4 /* bn_mp_jacobi.c in Sources */,
				7BD4CF9F220F67CB00C71DE4 /* bn_mp_tc_xor.c in Sources */,
				7BD4CFCA220F67CB00C71DE4 /* bn_mp_rshd.c in Sources */,
				7BD4CFD3220F67CB00C71DE4 /* bn_s_mp_sqr.c in Sources */,
				7BD4D028220F67CB00C71DE4 /* bn_mp_grow.c in Sources */,
				7BD4CFB5220F67CB00C71DE4 /* bn_mp_prime_is_prime.c in Sources */,
				7BD4CFBE220F67CB00C71DE4 /* bn_mp_clamp.c in Sources */,
				7BD4D007220F67CB00C71DE4 /* bn_mp_submod.c in Sources */,
				7BD4D011220F67CB00C71DE4 /* bn_mp_karatsuba_mul.c in Sources */,
				7BD4CFF5220F67CB00C71DE4 /* bn_mp_abs.c in Sources */,
				7BD4CFE9220F67CB00C71DE4 /* bn_mp_read_radix.c in Sources */,
				7BD4CFE1220F67CB00C71DE4 /* bn_s_mp_add.c in Sources */,
				7BD4CFC5220F67CB00C71DE4 /* bn_mp_unsigned_bin_size.c in Sources */,
				7BD4CFE6220F67CB00C71DE4 /* bn_s_mp_sub.c in Sources */,
				7BD4CFB7220F67CB00C71DE4 /* bn_mp_radix_size.c in Sources */,
				7BD4D003220F67CB00C71DE4 /* bn_mp_get_int.c in Sources */,
				7BD4CFED220F67CB00C71DE4 /* bn_mp_kronecker.c in Sources */,
				7BD4CFF1220F67CB00C71DE4 /* bn_mp_invmod.c in Sources */,
				7BD4CFDD220F67CB00C71DE4 /* bn_mp_montgomery_setup.c in Sources */,
				7BD4CFB9220F67CB00C71DE4 /* bn_mp_init.c in Sources */,
				7BD4CFB4220F67CB00C71DE4 /* bn_mp_2expt.c in Sources */,
				7BD4CFC2220F67CB00C71DE4 /* bn_mp_sub.c in Sources */,
				7BD4CFE3220F67CB00C71DE4 /* bn_mp_read_signed_bin.c in Sources */,
				7BD4CFB2220F67CB00C71DE4 /* bn_mp_reduce_2k_setup.c in Sources */,
				7BD4CFFE220F67CB00C71DE4 /* bn_mp_add.c in Sources */,
				7BD4CFF0220F67CB00C71DE4 /* bn_mp_init_size.c in Sources */,
				7BD4CFDB220F67CB00C71DE4 /* bn_mp_montgomery_reduce.c in Sources */,
				7BD4CFDF220F67CB00C71DE4 /* bn_mp_tc_and.c in Sources */,
				7BD4CFBA220F67CB00C71DE4 /* bn_mp_set_long.c in Sources */,
				7BD4CFD1220F67CB00C71DE4 /* bn_mp_tc_or.c in Sources */,
				7BD4CFAD220F67CB00C71DE4 /* bn_mp_div_2.c in Sources */,
				7BD4D025220F67CB00C71DE4 /* bn_mp_complement.c in Sources */,
				7BD4CFF4220F67CB00C71DE4 /* bn_mp_n_root_ex.c in Sources */,
				7BD4CFA5220F67CB00C71DE4 /* bn_mp_reduce.c in Sources */,
				7BD4D015220F67CB00C71DE4 /* bn_fast_s_mp_mul_digs.c in Sources */,
				7BD4CFA0220F67CB00C71DE4 /* bn_fast_s_mp_sqr.c in Sources */,
				7BD4D022220F67CB00C71DE4 /* bn_mp_init_set_int.c in Sources */,
				7BD4CFFF220F67CB00C71DE4 /* bn_mp_copy.c in Sources */,
				7BD4D01E220F67CB00C71DE4 /* bn_mp_toom_mul.c in Sources */,
				7BD4CFFC220F67CB00C71DE4 /* bn_mp_montgomery_calc_normalization.c in Sources */,
				7BD4D021220F67CB00C71DE4 /* bn_mp_export.c in Sources */,
				7BD4CFE4220F67CB00C71DE4 /* bn_mp_get_double.c in Sources */,
				7BD4D012220F67CB00C71DE4 /* bn_mp_lshd.c in Sources */,
				7BD4CFDC220F67CB00C71DE4 /* bn_mp_set.c in Sources */,
				7BD4CFAE220F67CB00C71DE4 /* bn_mp_cmp_mag.c in Sources */,
				7BD4CFC7220F67CB00C71DE4 /* bn_mp_clear.c in Sources */,
				7BD4CFEA220F67CB00C71DE4 /* bn_mp_init_copy.c in Sources */,
			);
			runOnlyForDeploymentPostprocessing = 0;
		};
/* End PBXSourcesBuildPhase section */

/* Begin XCBuildConfiguration section */
		7BB930DF220F66F700ED8314 /* Debug */ = {
			isa = XCBuildConfiguration;
			buildSettings = {
				ALWAYS_SEARCH_USER_PATHS = NO;
				CLANG_ANALYZER_NONNULL = YES;
				CLANG_ANALYZER_NUMBER_OBJECT_CONVERSION = YES_AGGRESSIVE;
				CLANG_CXX_LANGUAGE_STANDARD = "gnu++14";
				CLANG_CXX_LIBRARY = "libc++";
				CLANG_ENABLE_MODULES = YES;
				CLANG_ENABLE_OBJC_ARC = YES;
				CLANG_ENABLE_OBJC_WEAK = YES;
				CLANG_WARN_BLOCK_CAPTURE_AUTORELEASING = YES;
				CLANG_WARN_BOOL_CONVERSION = YES;
				CLANG_WARN_COMMA = YES;
				CLANG_WARN_CONSTANT_CONVERSION = YES;
				CLANG_WARN_DEPRECATED_OBJC_IMPLEMENTATIONS = YES;
				CLANG_WARN_DIRECT_OBJC_ISA_USAGE = YES_ERROR;
				CLANG_WARN_DOCUMENTATION_COMMENTS = YES;
				CLANG_WARN_EMPTY_BODY = YES;
				CLANG_WARN_ENUM_CONVERSION = YES;
				CLANG_WARN_INFINITE_RECURSION = YES;
				CLANG_WARN_INT_CONVERSION = YES;
				CLANG_WARN_NON_LITERAL_NULL_CONVERSION = YES;
				CLANG_WARN_OBJC_IMPLICIT_RETAIN_SELF = YES;
				CLANG_WARN_OBJC_LITERAL_CONVERSION = YES;
				CLANG_WARN_OBJC_ROOT_CLASS = YES_ERROR;
				CLANG_WARN_RANGE_LOOP_ANALYSIS = YES;
				CLANG_WARN_STRICT_PROTOTYPES = YES;
				CLANG_WARN_SUSPICIOUS_MOVE = YES;
				CLANG_WARN_UNGUARDED_AVAILABILITY = YES_AGGRESSIVE;
				CLANG_WARN_UNREACHABLE_CODE = YES;
				CLANG_WARN__DUPLICATE_METHOD_MATCH = YES;
				CODE_SIGN_IDENTITY = "Mac Developer";
				COPY_PHASE_STRIP = NO;
				DEBUG_INFORMATION_FORMAT = dwarf;
				ENABLE_STRICT_OBJC_MSGSEND = YES;
				ENABLE_TESTABILITY = YES;
				GCC_C_LANGUAGE_STANDARD = gnu11;
				GCC_DYNAMIC_NO_PIC = NO;
				GCC_NO_COMMON_BLOCKS = YES;
				GCC_OPTIMIZATION_LEVEL = 0;
				GCC_PREPROCESSOR_DEFINITIONS = (
					"DEBUG=1",
					"$(inherited)",
				);
				GCC_WARN_64_TO_32_BIT_CONVERSION = YES;
				GCC_WARN_ABOUT_RETURN_TYPE = YES_ERROR;
				GCC_WARN_UNDECLARED_SELECTOR = YES;
				GCC_WARN_UNINITIALIZED_AUTOS = YES_AGGRESSIVE;
				GCC_WARN_UNUSED_FUNCTION = YES;
				GCC_WARN_UNUSED_VARIABLE = YES;
				MACOSX_DEPLOYMENT_TARGET = 10.14;
				MTL_ENABLE_DEBUG_INFO = INCLUDE_SOURCE;
				MTL_FAST_MATH = YES;
				ONLY_ACTIVE_ARCH = YES;
				SDKROOT = macosx;
				SUPPORTED_PLATFORMS = "macosx iphonesimulator iphoneos";
			};
			name = Debug;
		};
		7BB930E0220F66F700ED8314 /* Release */ = {
			isa = XCBuildConfiguration;
			buildSettings = {
				ALWAYS_SEARCH_USER_PATHS = NO;
				CLANG_ANALYZER_NONNULL = YES;
				CLANG_ANALYZER_NUMBER_OBJECT_CONVERSION = YES_AGGRESSIVE;
				CLANG_CXX_LANGUAGE_STANDARD = "gnu++14";
				CLANG_CXX_LIBRARY = "libc++";
				CLANG_ENABLE_MODULES = YES;
				CLANG_ENABLE_OBJC_ARC = YES;
				CLANG_ENABLE_OBJC_WEAK = YES;
				CLANG_WARN_BLOCK_CAPTURE_AUTORELEASING = YES;
				CLANG_WARN_BOOL_CONVERSION = YES;
				CLANG_WARN_COMMA = YES;
				CLANG_WARN_CONSTANT_CONVERSION = YES;
				CLANG_WARN_DEPRECATED_OBJC_IMPLEMENTATIONS = YES;
				CLANG_WARN_DIRECT_OBJC_ISA_USAGE = YES_ERROR;
				CLANG_WARN_DOCUMENTATION_COMMENTS = YES;
				CLANG_WARN_EMPTY_BODY = YES;
				CLANG_WARN_ENUM_CONVERSION = YES;
				CLANG_WARN_INFINITE_RECURSION = YES;
				CLANG_WARN_INT_CONVERSION = YES;
				CLANG_WARN_NON_LITERAL_NULL_CONVERSION = YES;
				CLANG_WARN_OBJC_IMPLICIT_RETAIN_SELF = YES;
				CLANG_WARN_OBJC_LITERAL_CONVERSION = YES;
				CLANG_WARN_OBJC_ROOT_CLASS = YES_ERROR;
				CLANG_WARN_RANGE_LOOP_ANALYSIS = YES;
				CLANG_WARN_STRICT_PROTOTYPES = YES;
				CLANG_WARN_SUSPICIOUS_MOVE = YES;
				CLANG_WARN_UNGUARDED_AVAILABILITY = YES_AGGRESSIVE;
				CLANG_WARN_UNREACHABLE_CODE = YES;
				CLANG_WARN__DUPLICATE_METHOD_MATCH = YES;
				CODE_SIGN_IDENTITY = "Mac Developer";
				COPY_PHASE_STRIP = NO;
				DEBUG_INFORMATION_FORMAT = "dwarf-with-dsym";
				ENABLE_NS_ASSERTIONS = NO;
				ENABLE_STRICT_OBJC_MSGSEND = YES;
				GCC_C_LANGUAGE_STANDARD = gnu11;
				GCC_NO_COMMON_BLOCKS = YES;
				GCC_WARN_64_TO_32_BIT_CONVERSION = YES;
				GCC_WARN_ABOUT_RETURN_TYPE = YES_ERROR;
				GCC_WARN_UNDECLARED_SELECTOR = YES;
				GCC_WARN_UNINITIALIZED_AUTOS = YES_AGGRESSIVE;
				GCC_WARN_UNUSED_FUNCTION = YES;
				GCC_WARN_UNUSED_VARIABLE = YES;
				MACOSX_DEPLOYMENT_TARGET = 10.14;
				MTL_ENABLE_DEBUG_INFO = NO;
				MTL_FAST_MATH = YES;
				SDKROOT = macosx;
				SUPPORTED_PLATFORMS = "macosx iphonesimulator iphoneos";
			};
			name = Release;
		};
		7BB930E2220F66F700ED8314 /* Debug */ = {
			isa = XCBuildConfiguration;
			buildSettings = {
				CODE_SIGN_STYLE = Automatic;
				DEVELOPMENT_TEAM = 5EL4S7LCG6;
				EXECUTABLE_PREFIX = lib;
				PRODUCT_NAME = "$(TARGET_NAME)";
				SKIP_INSTALL = YES;
			};
			name = Debug;
		};
		7BB930E3220F66F700ED8314 /* Release */ = {
			isa = XCBuildConfiguration;
			buildSettings = {
				CODE_SIGN_STYLE = Automatic;
				DEVELOPMENT_TEAM = 5EL4S7LCG6;
				EXECUTABLE_PREFIX = lib;
				PRODUCT_NAME = "$(TARGET_NAME)";
				SKIP_INSTALL = YES;
			};
			name = Release;
		};
/* End XCBuildConfiguration section */

/* Begin XCConfigurationList section */
		7BB930D8220F66F700ED8314 /* Build configuration list for PBXProject "tommath" */ = {
			isa = XCConfigurationList;
			buildConfigurations = (
				7BB930DF220F66F700ED8314 /* Debug */,
				7BB930E0220F66F700ED8314 /* Release */,
			);
			defaultConfigurationIsVisible = 0;
			defaultConfigurationName = Release;
		};
		7BB930E1220F66F700ED8314 /* Build configuration list for PBXNativeTarget "tommath" */ = {
			isa = XCConfigurationList;
			buildConfigurations = (
				7BB930E2220F66F700ED8314 /* Debug */,
				7BB930E3220F66F700ED8314 /* Release */,
			);
			defaultConfigurationIsVisible = 0;
			defaultConfigurationName = Release;
		};
/* End XCConfigurationList section */
	};
	rootObject = 7BB930D5220F66F700ED8314 /* Project object */;
}
